{
  "object": {
    "pins": [
      {
        "package": "swift-collections",
        "repositoryURL": "https://github.com/apple/swift-collections",
        "state": {
          "branch": null,
          "revision": "d029d9d39c87bed85b1c50adee7c41795261a192",
          "version": "1.0.6"
        }
      }
    ]
  },
  "version": 1
}
