{
  "object": {
    "pins": [
      {
        "package": "swift-collections",
        "repositoryURL": "https://github.com/apple/swift-collections.git",
        "state": {
          "branch": null,
          "revision": "3426dba9ee5c9f8e4981b0fc9d39a818d36eec28",
          "version": "0.0.4"
        }
      }
    ]
  },
  "version": 1
}
