// !$*UTF8*$!
{
	archiveVersion = 1;
	classes = {
	};
	objectVersion = 55;
	objects = {

/* Begin PBXBuildFile section */
		684160E927971BF40000188D /* ContentView.swift in Sources */ = {isa = PBXBuildFile; fileRef = 68C26A9F2796E187001D47F7 /* ContentView.swift */; };
		684160EA27971BF80000188D /* ProductInfo.swift in Sources */ = {isa = PBXBuildFile; fileRef = 68F5C98A2794A1B00054B2B1 /* ProductInfo.swift */; };
		684160ED27971C150000188D /* Products.plist in Resources */ = {isa = PBXBuildFile; fileRef = 68F773B8267A451E00C3C670 /* Products.plist */; };
		684160EF27971C150000188D /* Products.storekit in Resources */ = {isa = PBXBuildFile; fileRef = 68F773BE267A462500C3C670 /* Products.storekit */; };
		6841612727971DAC0000188D /* Assets.xcassets in Resources */ = {isa = PBXBuildFile; fileRef = 6841612227971DAC0000188D /* Assets.xcassets */; };
		6841612827971DAC0000188D /* Assets.xcassets in Resources */ = {isa = PBXBuildFile; fileRef = 6841612227971DAC0000188D /* Assets.xcassets */; };
		6841612927971DAC0000188D /* StoreHelperApp.swift in Sources */ = {isa = PBXBuildFile; fileRef = 6841612327971DAC0000188D /* StoreHelperApp.swift */; };
		6841612A27971DAC0000188D /* StoreHelperApp.swift in Sources */ = {isa = PBXBuildFile; fileRef = 6841612327971DAC0000188D /* StoreHelperApp.swift */; };
		6885039C279CE7000011B289 /* StoreHelper in Frameworks */ = {isa = PBXBuildFile; productRef = 6885039B279CE7000011B289 /* StoreHelper */; };
		6885039E279CE7070011B289 /* StoreHelper in Frameworks */ = {isa = PBXBuildFile; productRef = 6885039D279CE7070011B289 /* StoreHelper */; };
		68B7D8B4279CE0B700075960 /* StoreKit.framework in Frameworks */ = {isa = PBXBuildFile; fileRef = 68B7D8B3279CE0B700075960 /* StoreKit.framework */; };
		68B7D8B5279CE0C300075960 /* StoreKit.framework in Frameworks */ = {isa = PBXBuildFile; fileRef = 68F773D7267A4A4400C3C670 /* StoreKit.framework */; platformFilter = maccatalyst; };
		68C26AA02796E187001D47F7 /* ContentView.swift in Sources */ = {isa = PBXBuildFile; fileRef = 68C26A9F2796E187001D47F7 /* ContentView.swift */; };
		68F5C98B2794A1B00054B2B1 /* ProductInfo.swift in Sources */ = {isa = PBXBuildFile; fileRef = 68F5C98A2794A1B00054B2B1 /* ProductInfo.swift */; };
		68F773B9267A451E00C3C670 /* Products.plist in Resources */ = {isa = PBXBuildFile; fileRef = 68F773B8267A451E00C3C670 /* Products.plist */; };
		68F773BF267A462500C3C670 /* Products.storekit in Resources */ = {isa = PBXBuildFile; fileRef = 68F773BE267A462500C3C670 /* Products.storekit */; };
/* End PBXBuildFile section */

/* Begin PBXFileReference section */
		680B0CAE267CFE79007F7518 /* README.md */ = {isa = PBXFileReference; lastKnownFileType = net.daringfireball.markdown; path = README.md; sourceTree = "<group>"; xcLanguageSpecificationIdentifier = xcode.lang.markdown; };
		684160D6279719080000188D /* StoreHelperDemo (macOS).app */ = {isa = PBXFileReference; explicitFileType = wrapper.application; includeInIndex = 0; path = "StoreHelperDemo (macOS).app"; sourceTree = BUILT_PRODUCTS_DIR; };
		6841612027971DAC0000188D /* StoreHelper-macOS.entitlements */ = {isa = PBXFileReference; fileEncoding = 4; lastKnownFileType = text.plist.entitlements; path = "StoreHelper-macOS.entitlements"; sourceTree = "<group>"; };
		6841612227971DAC0000188D /* Assets.xcassets */ = {isa = PBXFileReference; lastKnownFileType = folder.assetcatalog; path = Assets.xcassets; sourceTree = "<group>"; };
		6841612327971DAC0000188D /* StoreHelperApp.swift */ = {isa = PBXFileReference; fileEncoding = 4; lastKnownFileType = sourcecode.swift; path = StoreHelperApp.swift; sourceTree = "<group>"; };
		6885039A279CE5490011B289 /* StoreHelper */ = {isa = PBXFileReference; lastKnownFileType = wrapper; path = StoreHelper; sourceTree = "<group>"; };
		68B1A30D26BAEACA00C3D1C5 /* StoreHelperDemo16.png */ = {isa = PBXFileReference; lastKnownFileType = image.png; path = StoreHelperDemo16.png; sourceTree = "<group>"; };
		68B1A30F26BAEACB00C3D1C5 /* StoreHelperDemo21.png */ = {isa = PBXFileReference; lastKnownFileType = image.png; path = StoreHelperDemo21.png; sourceTree = "<group>"; };
		68B1A31026BAEACB00C3D1C5 /* StoreHelperDemo7.png */ = {isa = PBXFileReference; lastKnownFileType = image.png; path = StoreHelperDemo7.png; sourceTree = "<group>"; };
		68B1A31126BAEACB00C3D1C5 /* StoreHelperDemo25.png */ = {isa = PBXFileReference; lastKnownFileType = image.png; path = StoreHelperDemo25.png; sourceTree = "<group>"; };
		68B1A31326BAEACB00C3D1C5 /* StoreHelperDemo28.png */ = {isa = PBXFileReference; lastKnownFileType = image.png; path = StoreHelperDemo28.png; sourceTree = "<group>"; };
		68B1A31526BAEACB00C3D1C5 /* StoreHelperDemo15.png */ = {isa = PBXFileReference; lastKnownFileType = image.png; path = StoreHelperDemo15.png; sourceTree = "<group>"; };
		68B1A31626BAEACB00C3D1C5 /* StoreHelperDemo43.png */ = {isa = PBXFileReference; lastKnownFileType = image.png; path = StoreHelperDemo43.png; sourceTree = "<group>"; };
		68B1A31726BAEACB00C3D1C5 /* StoreHelperDemo18.png */ = {isa = PBXFileReference; lastKnownFileType = image.png; path = StoreHelperDemo18.png; sourceTree = "<group>"; };
		68B1A31926BAEACB00C3D1C5 /* StoreHelperDemo27.png */ = {isa = PBXFileReference; lastKnownFileType = image.png; path = StoreHelperDemo27.png; sourceTree = "<group>"; };
		68B1A31A26BAEACB00C3D1C5 /* StoreHelperDemo6.png */ = {isa = PBXFileReference; lastKnownFileType = image.png; path = StoreHelperDemo6.png; sourceTree = "<group>"; };
		68B1A31B26BAEACB00C3D1C5 /* StoreHelperDemo5.png */ = {isa = PBXFileReference; lastKnownFileType = image.png; path = StoreHelperDemo5.png; sourceTree = "<group>"; };
		68B1A31C26BAEACB00C3D1C5 /* StoreHelperDemo8.png */ = {isa = PBXFileReference; lastKnownFileType = image.png; path = StoreHelperDemo8.png; sourceTree = "<group>"; };
		68B1A31D26BAEACB00C3D1C5 /* StoreHelperDemo26.png */ = {isa = PBXFileReference; lastKnownFileType = image.png; path = StoreHelperDemo26.png; sourceTree = "<group>"; };
		68B1A31E26BAEACB00C3D1C5 /* StoreHelperDemo45.png */ = {isa = PBXFileReference; lastKnownFileType = image.png; path = StoreHelperDemo45.png; sourceTree = "<group>"; };
		68B1A32026BAEACB00C3D1C5 /* StoreHelperDemo23.png */ = {isa = PBXFileReference; lastKnownFileType = image.png; path = StoreHelperDemo23.png; sourceTree = "<group>"; };
		68B1A32226BAEACB00C3D1C5 /* StoreHelperDemo12.png */ = {isa = PBXFileReference; lastKnownFileType = image.png; path = StoreHelperDemo12.png; sourceTree = "<group>"; };
		68B1A32326BAEACB00C3D1C5 /* StoreHelperDemo30.png */ = {isa = PBXFileReference; lastKnownFileType = image.png; path = StoreHelperDemo30.png; sourceTree = "<group>"; };
		68B1A32426BAEACB00C3D1C5 /* StoreHelperDemo19.png */ = {isa = PBXFileReference; lastKnownFileType = image.png; path = StoreHelperDemo19.png; sourceTree = "<group>"; };
		68B1A32726BAEACB00C3D1C5 /* StoreHelperDemo17.png */ = {isa = PBXFileReference; lastKnownFileType = image.png; path = StoreHelperDemo17.png; sourceTree = "<group>"; };
		68B1A32826BAEACB00C3D1C5 /* StoreHelperDemo11.png */ = {isa = PBXFileReference; lastKnownFileType = image.png; path = StoreHelperDemo11.png; sourceTree = "<group>"; };
		68B1A32926BAEACB00C3D1C5 /* StoreHelperDemo9.png */ = {isa = PBXFileReference; lastKnownFileType = image.png; path = StoreHelperDemo9.png; sourceTree = "<group>"; };
		68B1A32B26BAEACB00C3D1C5 /* StoreHelperDemo13.png */ = {isa = PBXFileReference; lastKnownFileType = image.png; path = StoreHelperDemo13.png; sourceTree = "<group>"; };
		68B1A32C26BAEACB00C3D1C5 /* StoreHelperDemo2.png */ = {isa = PBXFileReference; lastKnownFileType = image.png; path = StoreHelperDemo2.png; sourceTree = "<group>"; };
		68B1A32E26BAEACB00C3D1C5 /* StoreHelperDemo22.gif */ = {isa = PBXFileReference; lastKnownFileType = image.gif; path = StoreHelperDemo22.gif; sourceTree = "<group>"; };
		68B1A33126BAEACB00C3D1C5 /* StoreHelperDemo3.png */ = {isa = PBXFileReference; lastKnownFileType = image.png; path = StoreHelperDemo3.png; sourceTree = "<group>"; };
		68B1A33526BAEACB00C3D1C5 /* StoreHelperDemo10.png */ = {isa = PBXFileReference; lastKnownFileType = image.png; path = StoreHelperDemo10.png; sourceTree = "<group>"; };
		68B1A33626BAEACB00C3D1C5 /* StoreHelperDemo46.png */ = {isa = PBXFileReference; lastKnownFileType = image.png; path = StoreHelperDemo46.png; sourceTree = "<group>"; };
		68B1A33826BAEACB00C3D1C5 /* StoreHelperDemo1.png */ = {isa = PBXFileReference; lastKnownFileType = image.png; path = StoreHelperDemo1.png; sourceTree = "<group>"; };
		68B1A33926BAEACB00C3D1C5 /* StoreHelperDemo0.png */ = {isa = PBXFileReference; lastKnownFileType = image.png; path = StoreHelperDemo0.png; sourceTree = "<group>"; };
		68B1A33A26BAEACB00C3D1C5 /* StoreHelperDemo14.png */ = {isa = PBXFileReference; lastKnownFileType = image.png; path = StoreHelperDemo14.png; sourceTree = "<group>"; };
		68B7D8B3279CE0B700075960 /* StoreKit.framework */ = {isa = PBXFileReference; lastKnownFileType = wrapper.framework; name = StoreKit.framework; path = Platforms/iPhoneOS.platform/Developer/SDKs/iPhoneOS15.2.sdk/System/Library/Frameworks/StoreKit.framework; sourceTree = DEVELOPER_DIR; };
		68C26A9F2796E187001D47F7 /* ContentView.swift */ = {isa = PBXFileReference; lastKnownFileType = sourcecode.swift; path = ContentView.swift; sourceTree = "<group>"; };
		68C333B1279B4026002BFB08 /* StoreHelperDemo1b.png */ = {isa = PBXFileReference; lastKnownFileType = image.png; path = StoreHelperDemo1b.png; sourceTree = "<group>"; };
		68C333B2279B403A002BFB08 /* StoreHelperDemo3b.png */ = {isa = PBXFileReference; lastKnownFileType = image.png; path = StoreHelperDemo3b.png; sourceTree = "<group>"; };
		68C333B3279B4045002BFB08 /* StoreHelperDemo6b.png */ = {isa = PBXFileReference; lastKnownFileType = image.png; path = StoreHelperDemo6b.png; sourceTree = "<group>"; };
		68C333B4279B40AF002BFB08 /* StoreHelperDemo58.png */ = {isa = PBXFileReference; lastKnownFileType = image.png; path = StoreHelperDemo58.png; sourceTree = "<group>"; };
		68C333B5279B40AF002BFB08 /* StoreHelperDemo50.png */ = {isa = PBXFileReference; lastKnownFileType = image.png; path = StoreHelperDemo50.png; sourceTree = "<group>"; };
		68C333B6279B40AF002BFB08 /* StoreHelperDemo54.png */ = {isa = PBXFileReference; lastKnownFileType = image.png; path = StoreHelperDemo54.png; sourceTree = "<group>"; };
		68C333B7279B40AF002BFB08 /* StoreHelperDemo46b.png */ = {isa = PBXFileReference; lastKnownFileType = image.png; path = StoreHelperDemo46b.png; sourceTree = "<group>"; };
		68C333B8279B40AF002BFB08 /* StoreHelperDemo60.png */ = {isa = PBXFileReference; lastKnownFileType = image.png; path = StoreHelperDemo60.png; sourceTree = "<group>"; };
		68C333B9279B40AF002BFB08 /* StoreHelperDemo53.png */ = {isa = PBXFileReference; lastKnownFileType = image.png; path = StoreHelperDemo53.png; sourceTree = "<group>"; };
		68C333BA279B40AF002BFB08 /* StoreHelperDemo46c.png */ = {isa = PBXFileReference; lastKnownFileType = image.png; path = StoreHelperDemo46c.png; sourceTree = "<group>"; };
		68C333BB279B40AF002BFB08 /* StoreHelperDemo59.png */ = {isa = PBXFileReference; lastKnownFileType = image.png; path = StoreHelperDemo59.png; sourceTree = "<group>"; };
		68C333BC279B40AF002BFB08 /* StoreHelperDemo61.png */ = {isa = PBXFileReference; lastKnownFileType = image.png; path = StoreHelperDemo61.png; sourceTree = "<group>"; };
		68C333BD279B40AF002BFB08 /* StoreHelperDemo49.gif */ = {isa = PBXFileReference; lastKnownFileType = image.gif; path = StoreHelperDemo49.gif; sourceTree = "<group>"; };
		68C333BE279B40AF002BFB08 /* StoreHelperDemo56.png */ = {isa = PBXFileReference; lastKnownFileType = image.png; path = StoreHelperDemo56.png; sourceTree = "<group>"; };
		68C333BF279B40AF002BFB08 /* StoreHelperDemo62.png */ = {isa = PBXFileReference; lastKnownFileType = image.png; path = StoreHelperDemo62.png; sourceTree = "<group>"; };
		68F5C98A2794A1B00054B2B1 /* ProductInfo.swift */ = {isa = PBXFileReference; lastKnownFileType = sourcecode.swift; path = ProductInfo.swift; sourceTree = "<group>"; };
		68F77380267A43C400C3C670 /* StoreHelperDemo.app */ = {isa = PBXFileReference; explicitFileType = wrapper.application; includeInIndex = 0; path = StoreHelperDemo.app; sourceTree = BUILT_PRODUCTS_DIR; };
		68F773B8267A451E00C3C670 /* Products.plist */ = {isa = PBXFileReference; lastKnownFileType = text.plist.xml; path = Products.plist; sourceTree = "<group>"; };
		68F773BE267A462500C3C670 /* Products.storekit */ = {isa = PBXFileReference; lastKnownFileType = text; path = Products.storekit; sourceTree = "<group>"; };
		68F773D7267A4A4400C3C670 /* StoreKit.framework */ = {isa = PBXFileReference; lastKnownFileType = wrapper.framework; name = StoreKit.framework; path = System/Library/Frameworks/StoreKit.framework; sourceTree = SDKROOT; };
/* End PBXFileReference section */

/* Begin PBXFrameworksBuildPhase section */
		684160D3279719080000188D /* Frameworks */ = {
			isa = PBXFrameworksBuildPhase;
			buildActionMask = 2147483647;
			files = (
				6885039E279CE7070011B289 /* StoreHelper in Frameworks */,
				68B7D8B5279CE0C300075960 /* StoreKit.framework in Frameworks */,
			);
			runOnlyForDeploymentPostprocessing = 0;
		};
		68F7737D267A43C400C3C670 /* Frameworks */ = {
			isa = PBXFrameworksBuildPhase;
			buildActionMask = 2147483647;
			files = (
				6885039C279CE7000011B289 /* StoreHelper in Frameworks */,
				68B7D8B4279CE0B700075960 /* StoreKit.framework in Frameworks */,
			);
			runOnlyForDeploymentPostprocessing = 0;
		};
/* End PBXFrameworksBuildPhase section */

/* Begin PBXGroup section */
		680B0CAF267CFE7E007F7518 /* readme-assets */ = {
			isa = PBXGroup;
			children = (
				68B1A33926BAEACB00C3D1C5 /* StoreHelperDemo0.png */,
				68B1A33826BAEACB00C3D1C5 /* StoreHelperDemo1.png */,
				68C333B1279B4026002BFB08 /* StoreHelperDemo1b.png */,
				68B1A32C26BAEACB00C3D1C5 /* StoreHelperDemo2.png */,
				68B1A33126BAEACB00C3D1C5 /* StoreHelperDemo3.png */,
				68C333B2279B403A002BFB08 /* StoreHelperDemo3b.png */,
				68B1A31B26BAEACB00C3D1C5 /* StoreHelperDemo5.png */,
				68B1A31A26BAEACB00C3D1C5 /* StoreHelperDemo6.png */,
				68C333B3279B4045002BFB08 /* StoreHelperDemo6b.png */,
				68B1A31026BAEACB00C3D1C5 /* StoreHelperDemo7.png */,
				68B1A31C26BAEACB00C3D1C5 /* StoreHelperDemo8.png */,
				68B1A32926BAEACB00C3D1C5 /* StoreHelperDemo9.png */,
				68B1A33526BAEACB00C3D1C5 /* StoreHelperDemo10.png */,
				68B1A32826BAEACB00C3D1C5 /* StoreHelperDemo11.png */,
				68B1A32226BAEACB00C3D1C5 /* StoreHelperDemo12.png */,
				68B1A32B26BAEACB00C3D1C5 /* StoreHelperDemo13.png */,
				68B1A33A26BAEACB00C3D1C5 /* StoreHelperDemo14.png */,
				68B1A31526BAEACB00C3D1C5 /* StoreHelperDemo15.png */,
				68B1A30D26BAEACA00C3D1C5 /* StoreHelperDemo16.png */,
				68B1A32726BAEACB00C3D1C5 /* StoreHelperDemo17.png */,
				68B1A31726BAEACB00C3D1C5 /* StoreHelperDemo18.png */,
				68B1A32426BAEACB00C3D1C5 /* StoreHelperDemo19.png */,
				68B1A30F26BAEACB00C3D1C5 /* StoreHelperDemo21.png */,
				68B1A32E26BAEACB00C3D1C5 /* StoreHelperDemo22.gif */,
				68B1A32026BAEACB00C3D1C5 /* StoreHelperDemo23.png */,
				68B1A31126BAEACB00C3D1C5 /* StoreHelperDemo25.png */,
				68B1A31D26BAEACB00C3D1C5 /* StoreHelperDemo26.png */,
				68B1A31926BAEACB00C3D1C5 /* StoreHelperDemo27.png */,
				68B1A31326BAEACB00C3D1C5 /* StoreHelperDemo28.png */,
				68B1A32326BAEACB00C3D1C5 /* StoreHelperDemo30.png */,
				68B1A31626BAEACB00C3D1C5 /* StoreHelperDemo43.png */,
				68B1A31E26BAEACB00C3D1C5 /* StoreHelperDemo45.png */,
				68B1A33626BAEACB00C3D1C5 /* StoreHelperDemo46.png */,
				68C333B7279B40AF002BFB08 /* StoreHelperDemo46b.png */,
				68C333BA279B40AF002BFB08 /* StoreHelperDemo46c.png */,
				68C333BD279B40AF002BFB08 /* StoreHelperDemo49.gif */,
				68C333B5279B40AF002BFB08 /* StoreHelperDemo50.png */,
				68C333B9279B40AF002BFB08 /* StoreHelperDemo53.png */,
				68C333B6279B40AF002BFB08 /* StoreHelperDemo54.png */,
				68C333BE279B40AF002BFB08 /* StoreHelperDemo56.png */,
				68C333B4279B40AF002BFB08 /* StoreHelperDemo58.png */,
				68C333BB279B40AF002BFB08 /* StoreHelperDemo59.png */,
				68C333B8279B40AF002BFB08 /* StoreHelperDemo60.png */,
				68C333BC279B40AF002BFB08 /* StoreHelperDemo61.png */,
				68C333BF279B40AF002BFB08 /* StoreHelperDemo62.png */,
			);
			path = "readme-assets";
			sourceTree = "<group>";
		};
		6870EE6A27987DF3001B339B /* Support */ = {
			isa = PBXGroup;
			children = (
				6841612327971DAC0000188D /* StoreHelperApp.swift */,
				6841612027971DAC0000188D /* StoreHelper-macOS.entitlements */,
				6841612227971DAC0000188D /* Assets.xcassets */,
			);
			path = Support;
			sourceTree = "<group>";
		};
		68850399279CE5490011B289 /* Packages */ = {
			isa = PBXGroup;
			children = (
				6885039A279CE5490011B289 /* StoreHelper */,
			);
			name = Packages;
			sourceTree = "<group>";
		};
		68B7D8AE279CD14400075960 /* Configuration */ = {
			isa = PBXGroup;
			children = (
				68F773B8267A451E00C3C670 /* Products.plist */,
				68F773BE267A462500C3C670 /* Products.storekit */,
			);
			path = Configuration;
			sourceTree = "<group>";
		};
		68D7F1FF2770DC92008EBC09 /* Views */ = {
			isa = PBXGroup;
			children = (
				68C26A9F2796E187001D47F7 /* ContentView.swift */,
				68F5C98A2794A1B00054B2B1 /* ProductInfo.swift */,
			);
			path = Views;
			sourceTree = "<group>";
		};
		68F77373267A43C300C3C670 = {
			isa = PBXGroup;
			children = (
				68850399279CE5490011B289 /* Packages */,
				680B0CAE267CFE79007F7518 /* README.md */,
				680B0CAF267CFE7E007F7518 /* readme-assets */,
				68B7D8AE279CD14400075960 /* Configuration */,
				68D7F1FF2770DC92008EBC09 /* Views */,
				6870EE6A27987DF3001B339B /* Support */,
				68F773D4267A4A3200C3C670 /* Frameworks */,
				68F77381267A43C400C3C670 /* Products */,
			);
			sourceTree = "<group>";
		};
		68F77381267A43C400C3C670 /* Products */ = {
			isa = PBXGroup;
			children = (
				68F77380267A43C400C3C670 /* StoreHelperDemo.app */,
				684160D6279719080000188D /* StoreHelperDemo (macOS).app */,
			);
			name = Products;
			sourceTree = "<group>";
		};
		68F773D4267A4A3200C3C670 /* Frameworks */ = {
			isa = PBXGroup;
			children = (
				68B7D8B3279CE0B700075960 /* StoreKit.framework */,
				68F773D7267A4A4400C3C670 /* StoreKit.framework */,
			);
			name = Frameworks;
			sourceTree = "<group>";
		};
/* End PBXGroup section */

/* Begin PBXNativeTarget section */
		684160D5279719080000188D /* StoreHelperDemo (macOS) */ = {
			isa = PBXNativeTarget;
			buildConfigurationList = 684160E2279719090000188D /* Build configuration list for PBXNativeTarget "StoreHelperDemo (macOS)" */;
			buildPhases = (
				684160D2279719080000188D /* Sources */,
				684160D3279719080000188D /* Frameworks */,
				684160D4279719080000188D /* Resources */,
			);
			buildRules = (
			);
			dependencies = (
			);
			name = "StoreHelperDemo (macOS)";
			packageProductDependencies = (
				6885039D279CE7070011B289 /* StoreHelper */,
			);
			productName = StoreHelper;
			productReference = 684160D6279719080000188D /* StoreHelperDemo (macOS).app */;
			productType = "com.apple.product-type.application";
		};
		68F7737F267A43C400C3C670 /* StoreHelperDemo (iOS) */ = {
			isa = PBXNativeTarget;
			buildConfigurationList = 68F773A3267A43C400C3C670 /* Build configuration list for PBXNativeTarget "StoreHelperDemo (iOS)" */;
			buildPhases = (
				68F7737C267A43C400C3C670 /* Sources */,
				68F7737D267A43C400C3C670 /* Frameworks */,
				68F7737E267A43C400C3C670 /* Resources */,
			);
			buildRules = (
			);
			dependencies = (
			);
			name = "StoreHelperDemo (iOS)";
			packageProductDependencies = (
				6885039B279CE7000011B289 /* StoreHelper */,
			);
			productName = "StoreHelper (iOS)";
			productReference = 68F77380267A43C400C3C670 /* StoreHelperDemo.app */;
			productType = "com.apple.product-type.application";
		};
/* End PBXNativeTarget section */

/* Begin PBXProject section */
		68F77374267A43C300C3C670 /* Project object */ = {
			isa = PBXProject;
			attributes = {
				BuildIndependentTargetsInParallel = 1;
				LastSwiftUpdateCheck = 1320;
				LastUpgradeCheck = 1320;
				TargetAttributes = {
					684160D5279719080000188D = {
						CreatedOnToolsVersion = 13.2;
					};
					68F7737F267A43C400C3C670 = {
						CreatedOnToolsVersion = 13.0;
					};
				};
			};
			buildConfigurationList = 68F77377267A43C300C3C670 /* Build configuration list for PBXProject "StoreHelperDemo" */;
			compatibilityVersion = "Xcode 13.0";
			developmentRegion = en;
			hasScannedForEncodings = 0;
			knownRegions = (
				en,
				Base,
			);
			mainGroup = 68F77373267A43C300C3C670;
			packageReferences = (
			);
			productRefGroup = 68F77381267A43C400C3C670 /* Products */;
			projectDirPath = "";
			projectRoot = "";
			targets = (
				68F7737F267A43C400C3C670 /* StoreHelperDemo (iOS) */,
				684160D5279719080000188D /* StoreHelperDemo (macOS) */,
			);
		};
/* End PBXProject section */

/* Begin PBXResourcesBuildPhase section */
		684160D4279719080000188D /* Resources */ = {
			isa = PBXResourcesBuildPhase;
			buildActionMask = 2147483647;
			files = (
				684160EF27971C150000188D /* Products.storekit in Resources */,
				6841612827971DAC0000188D /* Assets.xcassets in Resources */,
				684160ED27971C150000188D /* Products.plist in Resources */,
			);
			runOnlyForDeploymentPostprocessing = 0;
		};
		68F7737E267A43C400C3C670 /* Resources */ = {
			isa = PBXResourcesBuildPhase;
			buildActionMask = 2147483647;
			files = (
				68F773B9267A451E00C3C670 /* Products.plist in Resources */,
				6841612727971DAC0000188D /* Assets.xcassets in Resources */,
				68F773BF267A462500C3C670 /* Products.storekit in Resources */,
			);
			runOnlyForDeploymentPostprocessing = 0;
		};
/* End PBXResourcesBuildPhase section */

/* Begin PBXSourcesBuildPhase section */
		684160D2279719080000188D /* Sources */ = {
			isa = PBXSourcesBuildPhase;
			buildActionMask = 2147483647;
			files = (
				684160EA27971BF80000188D /* ProductInfo.swift in Sources */,
				684160E927971BF40000188D /* ContentView.swift in Sources */,
				6841612A27971DAC0000188D /* StoreHelperApp.swift in Sources */,
			);
			runOnlyForDeploymentPostprocessing = 0;
		};
		68F7737C267A43C400C3C670 /* Sources */ = {
			isa = PBXSourcesBuildPhase;
			buildActionMask = 2147483647;
			files = (
				68F5C98B2794A1B00054B2B1 /* ProductInfo.swift in Sources */,
				68C26AA02796E187001D47F7 /* ContentView.swift in Sources */,
				6841612927971DAC0000188D /* StoreHelperApp.swift in Sources */,
			);
			runOnlyForDeploymentPostprocessing = 0;
		};
/* End PBXSourcesBuildPhase section */

/* Begin XCBuildConfiguration section */
		684160E3279719090000188D /* Debug */ = {
			isa = XCBuildConfiguration;
			buildSettings = {
				ASSETCATALOG_COMPILER_APPICON_NAME = AppIcon;
				ASSETCATALOG_COMPILER_GLOBAL_ACCENT_COLOR_NAME = AccentColor;
				ASSETCATALOG_COMPILER_INCLUDE_ALL_APPICON_ASSETS = YES;
				CLANG_CXX_LANGUAGE_STANDARD = "gnu++17";
				CODE_SIGN_ENTITLEMENTS = "$(SRCROOT)/Support/StoreHelper-macOS.entitlements";
				CODE_SIGN_IDENTITY = "Apple Development";
				CODE_SIGN_STYLE = Automatic;
				COMBINE_HIDPI_IMAGES = YES;
				CURRENT_PROJECT_VERSION = 1;
				DEVELOPMENT_ASSET_PATHS = "";
				DEVELOPMENT_TEAM = R6BE99W3FU;
				ENABLE_HARDENED_RUNTIME = YES;
				ENABLE_PREVIEWS = YES;
				GENERATE_INFOPLIST_FILE = YES;
				INFOPLIST_KEY_LSApplicationCategoryType = "public.app-category.education";
				INFOPLIST_KEY_NSHumanReadableCopyright = "";
				LD_RUNPATH_SEARCH_PATHS = (
					"$(inherited)",
					"@executable_path/../Frameworks",
				);
				MACOSX_DEPLOYMENT_TARGET = 12.0;
				MARKETING_VERSION = 1.0;
				PRODUCT_BUNDLE_IDENTIFIER = com.rarcher.StoreHelper;
				PRODUCT_NAME = "$(TARGET_NAME)";
				SDKROOT = macosx;
				SWIFT_EMIT_LOC_STRINGS = YES;
				SWIFT_VERSION = 5.0;
			};
			name = Debug;
		};
		684160E4279719090000188D /* Release */ = {
			isa = XCBuildConfiguration;
			buildSettings = {
				ASSETCATALOG_COMPILER_APPICON_NAME = AppIcon;
				ASSETCATALOG_COMPILER_GLOBAL_ACCENT_COLOR_NAME = AccentColor;
				ASSETCATALOG_COMPILER_INCLUDE_ALL_APPICON_ASSETS = YES;
				CLANG_CXX_LANGUAGE_STANDARD = "gnu++17";
				CODE_SIGN_ENTITLEMENTS = "$(SRCROOT)/Support/StoreHelper-macOS.entitlements";
				CODE_SIGN_IDENTITY = "Apple Development";
				CODE_SIGN_STYLE = Automatic;
				COMBINE_HIDPI_IMAGES = YES;
				CURRENT_PROJECT_VERSION = 1;
				DEVELOPMENT_ASSET_PATHS = "";
				DEVELOPMENT_TEAM = R6BE99W3FU;
				ENABLE_HARDENED_RUNTIME = YES;
				ENABLE_PREVIEWS = YES;
				GENERATE_INFOPLIST_FILE = YES;
				INFOPLIST_KEY_LSApplicationCategoryType = "public.app-category.education";
				INFOPLIST_KEY_NSHumanReadableCopyright = "";
				LD_RUNPATH_SEARCH_PATHS = (
					"$(inherited)",
					"@executable_path/../Frameworks",
				);
				MACOSX_DEPLOYMENT_TARGET = 12.0;
				MARKETING_VERSION = 1.0;
				PRODUCT_BUNDLE_IDENTIFIER = com.rarcher.StoreHelper;
				PRODUCT_NAME = "$(TARGET_NAME)";
				SDKROOT = macosx;
				SWIFT_EMIT_LOC_STRINGS = YES;
				SWIFT_VERSION = 5.0;
			};
			name = Release;
		};
		68F773A1267A43C400C3C670 /* Debug */ = {
			isa = XCBuildConfiguration;
			buildSettings = {
				ALWAYS_SEARCH_USER_PATHS = NO;
				CLANG_ANALYZER_NONNULL = YES;
				CLANG_ANALYZER_NUMBER_OBJECT_CONVERSION = YES_AGGRESSIVE;
				CLANG_CXX_LANGUAGE_STANDARD = "gnu++14";
				CLANG_CXX_LIBRARY = "libc++";
				CLANG_ENABLE_MODULES = YES;
				CLANG_ENABLE_OBJC_ARC = YES;
				CLANG_ENABLE_OBJC_WEAK = YES;
				CLANG_WARN_BLOCK_CAPTURE_AUTORELEASING = YES;
				CLANG_WARN_BOOL_CONVERSION = YES;
				CLANG_WARN_COMMA = YES;
				CLANG_WARN_CONSTANT_CONVERSION = YES;
				CLANG_WARN_DEPRECATED_OBJC_IMPLEMENTATIONS = YES;
				CLANG_WARN_DIRECT_OBJC_ISA_USAGE = YES_ERROR;
				CLANG_WARN_DOCUMENTATION_COMMENTS = YES;
				CLANG_WARN_EMPTY_BODY = YES;
				CLANG_WARN_ENUM_CONVERSION = YES;
				CLANG_WARN_INFINITE_RECURSION = YES;
				CLANG_WARN_INT_CONVERSION = YES;
				CLANG_WARN_NON_LITERAL_NULL_CONVERSION = YES;
				CLANG_WARN_OBJC_IMPLICIT_RETAIN_SELF = YES;
				CLANG_WARN_OBJC_LITERAL_CONVERSION = YES;
				CLANG_WARN_OBJC_ROOT_CLASS = YES_ERROR;
				CLANG_WARN_QUOTED_INCLUDE_IN_FRAMEWORK_HEADER = YES;
				CLANG_WARN_RANGE_LOOP_ANALYSIS = YES;
				CLANG_WARN_STRICT_PROTOTYPES = YES;
				CLANG_WARN_SUSPICIOUS_MOVE = YES;
				CLANG_WARN_UNGUARDED_AVAILABILITY = YES_AGGRESSIVE;
				CLANG_WARN_UNREACHABLE_CODE = YES;
				CLANG_WARN__DUPLICATE_METHOD_MATCH = YES;
				COPY_PHASE_STRIP = NO;
				DEBUG_INFORMATION_FORMAT = dwarf;
				ENABLE_STRICT_OBJC_MSGSEND = YES;
				ENABLE_TESTABILITY = YES;
				GCC_C_LANGUAGE_STANDARD = gnu11;
				GCC_DYNAMIC_NO_PIC = NO;
				GCC_NO_COMMON_BLOCKS = YES;
				GCC_OPTIMIZATION_LEVEL = 0;
				GCC_PREPROCESSOR_DEFINITIONS = (
					"DEBUG=1",
					"$(inherited)",
				);
				GCC_WARN_64_TO_32_BIT_CONVERSION = YES;
				GCC_WARN_ABOUT_RETURN_TYPE = YES_ERROR;
				GCC_WARN_UNDECLARED_SELECTOR = YES;
				GCC_WARN_UNINITIALIZED_AUTOS = YES_AGGRESSIVE;
				GCC_WARN_UNUSED_FUNCTION = YES;
				GCC_WARN_UNUSED_VARIABLE = YES;
				MTL_ENABLE_DEBUG_INFO = INCLUDE_SOURCE;
				MTL_FAST_MATH = YES;
				ONLY_ACTIVE_ARCH = YES;
				SWIFT_ACTIVE_COMPILATION_CONDITIONS = DEBUG;
				SWIFT_OPTIMIZATION_LEVEL = "-Onone";
			};
			name = Debug;
		};
		68F773A2267A43C400C3C670 /* Release */ = {
			isa = XCBuildConfiguration;
			buildSettings = {
				ALWAYS_SEARCH_USER_PATHS = NO;
				CLANG_ANALYZER_NONNULL = YES;
				CLANG_ANALYZER_NUMBER_OBJECT_CONVERSION = YES_AGGRESSIVE;
				CLANG_CXX_LANGUAGE_STANDARD = "gnu++14";
				CLANG_CXX_LIBRARY = "libc++";
				CLANG_ENABLE_MODULES = YES;
				CLANG_ENABLE_OBJC_ARC = YES;
				CLANG_ENABLE_OBJC_WEAK = YES;
				CLANG_WARN_BLOCK_CAPTURE_AUTORELEASING = YES;
				CLANG_WARN_BOOL_CONVERSION = YES;
				CLANG_WARN_COMMA = YES;
				CLANG_WARN_CONSTANT_CONVERSION = YES;
				CLANG_WARN_DEPRECATED_OBJC_IMPLEMENTATIONS = YES;
				CLANG_WARN_DIRECT_OBJC_ISA_USAGE = YES_ERROR;
				CLANG_WARN_DOCUMENTATION_COMMENTS = YES;
				CLANG_WARN_EMPTY_BODY = YES;
				CLANG_WARN_ENUM_CONVERSION = YES;
				CLANG_WARN_INFINITE_RECURSION = YES;
				CLANG_WARN_INT_CONVERSION = YES;
				CLANG_WARN_NON_LITERAL_NULL_CONVERSION = YES;
				CLANG_WARN_OBJC_IMPLICIT_RETAIN_SELF = YES;
				CLANG_WARN_OBJC_LITERAL_CONVERSION = YES;
				CLANG_WARN_OBJC_ROOT_CLASS = YES_ERROR;
				CLANG_WARN_QUOTED_INCLUDE_IN_FRAMEWORK_HEADER = YES;
				CLANG_WARN_RANGE_LOOP_ANALYSIS = YES;
				CLANG_WARN_STRICT_PROTOTYPES = YES;
				CLANG_WARN_SUSPICIOUS_MOVE = YES;
				CLANG_WARN_UNGUARDED_AVAILABILITY = YES_AGGRESSIVE;
				CLANG_WARN_UNREACHABLE_CODE = YES;
				CLANG_WARN__DUPLICATE_METHOD_MATCH = YES;
				COPY_PHASE_STRIP = NO;
				DEBUG_INFORMATION_FORMAT = "dwarf-with-dsym";
				ENABLE_NS_ASSERTIONS = NO;
				ENABLE_STRICT_OBJC_MSGSEND = YES;
				GCC_C_LANGUAGE_STANDARD = gnu11;
				GCC_NO_COMMON_BLOCKS = YES;
				GCC_WARN_64_TO_32_BIT_CONVERSION = YES;
				GCC_WARN_ABOUT_RETURN_TYPE = YES_ERROR;
				GCC_WARN_UNDECLARED_SELECTOR = YES;
				GCC_WARN_UNINITIALIZED_AUTOS = YES_AGGRESSIVE;
				GCC_WARN_UNUSED_FUNCTION = YES;
				GCC_WARN_UNUSED_VARIABLE = YES;
				MTL_ENABLE_DEBUG_INFO = NO;
				MTL_FAST_MATH = YES;
				SWIFT_COMPILATION_MODE = wholemodule;
				SWIFT_OPTIMIZATION_LEVEL = "-O";
			};
			name = Release;
		};
		68F773A4267A43C400C3C670 /* Debug */ = {
			isa = XCBuildConfiguration;
			buildSettings = {
				ASSETCATALOG_COMPILER_APPICON_NAME = AppIcon;
				ASSETCATALOG_COMPILER_GLOBAL_ACCENT_COLOR_NAME = AccentColor;
				ASSETCATALOG_COMPILER_INCLUDE_ALL_APPICON_ASSETS = YES;
				CODE_SIGN_STYLE = Automatic;
				CURRENT_PROJECT_VERSION = 1;
				DEVELOPMENT_TEAM = R6BE99W3FU;
				ENABLE_PREVIEWS = YES;
				GENERATE_INFOPLIST_FILE = YES;
				INFOPLIST_FILE = "";
				INFOPLIST_KEY_UIApplicationSceneManifest_Generation = YES;
				INFOPLIST_KEY_UIApplicationSupportsIndirectInputEvents = YES;
				INFOPLIST_KEY_UILaunchScreen_Generation = YES;
				INFOPLIST_KEY_UISupportedInterfaceOrientations_iPad = "UIInterfaceOrientationPortrait UIInterfaceOrientationPortraitUpsideDown UIInterfaceOrientationLandscapeLeft UIInterfaceOrientationLandscapeRight";
				INFOPLIST_KEY_UISupportedInterfaceOrientations_iPhone = "UIInterfaceOrientationPortrait UIInterfaceOrientationLandscapeLeft UIInterfaceOrientationLandscapeRight";
				IPHONEOS_DEPLOYMENT_TARGET = 15.0;
				LD_RUNPATH_SEARCH_PATHS = (
					"$(inherited)",
					"@executable_path/Frameworks",
				);
				MARKETING_VERSION = 1.0;
				OTHER_SWIFT_FLAGS = "-Xfrontend -enable-experimental-concurrency";
				PRODUCT_BUNDLE_IDENTIFIER = com.rarcher.StoreHelper;
				PRODUCT_NAME = StoreHelperDemo;
				SDKROOT = iphoneos;
				SWIFT_EMIT_LOC_STRINGS = YES;
				SWIFT_VERSION = 5.0;
				TARGETED_DEVICE_FAMILY = "1,2";
			};
			name = Debug;
		};
		68F773A5267A43C400C3C670 /* Release */ = {
			isa = XCBuildConfiguration;
			buildSettings = {
				ASSETCATALOG_COMPILER_APPICON_NAME = AppIcon;
				ASSETCATALOG_COMPILER_GLOBAL_ACCENT_COLOR_NAME = AccentColor;
				ASSETCATALOG_COMPILER_INCLUDE_ALL_APPICON_ASSETS = YES;
				CODE_SIGN_STYLE = Automatic;
				CURRENT_PROJECT_VERSION = 1;
				DEVELOPMENT_TEAM = R6BE99W3FU;
				ENABLE_PREVIEWS = YES;
				GENERATE_INFOPLIST_FILE = YES;
				INFOPLIST_FILE = "";
				INFOPLIST_KEY_UIApplicationSceneManifest_Generation = YES;
				INFOPLIST_KEY_UIApplicationSupportsIndirectInputEvents = YES;
				INFOPLIST_KEY_UILaunchScreen_Generation = YES;
				INFOPLIST_KEY_UISupportedInterfaceOrientations_iPad = "UIInterfaceOrientationPortrait UIInterfaceOrientationPortraitUpsideDown UIInterfaceOrientationLandscapeLeft UIInterfaceOrientationLandscapeRight";
				INFOPLIST_KEY_UISupportedInterfaceOrientations_iPhone = "UIInterfaceOrientationPortrait UIInterfaceOrientationLandscapeLeft UIInterfaceOrientationLandscapeRight";
				IPHONEOS_DEPLOYMENT_TARGET = 15.0;
				LD_RUNPATH_SEARCH_PATHS = (
					"$(inherited)",
					"@executable_path/Frameworks",
				);
				MARKETING_VERSION = 1.0;
				OTHER_SWIFT_FLAGS = "-Xfrontend -enable-experimental-concurrency";
				PRODUCT_BUNDLE_IDENTIFIER = com.rarcher.StoreHelper;
				PRODUCT_NAME = StoreHelperDemo;
				SDKROOT = iphoneos;
				SWIFT_EMIT_LOC_STRINGS = YES;
				SWIFT_VERSION = 5.0;
				TARGETED_DEVICE_FAMILY = "1,2";
				VALIDATE_PRODUCT = YES;
			};
			name = Release;
		};
/* End XCBuildConfiguration section */

/* Begin XCConfigurationList section */
		684160E2279719090000188D /* Build configuration list for PBXNativeTarget "StoreHelperDemo (macOS)" */ = {
			isa = XCConfigurationList;
			buildConfigurations = (
				684160E3279719090000188D /* Debug */,
				684160E4279719090000188D /* Release */,
			);
			defaultConfigurationIsVisible = 0;
			defaultConfigurationName = Release;
		};
		68F77377267A43C300C3C670 /* Build configuration list for PBXProject "StoreHelperDemo" */ = {
			isa = XCConfigurationList;
			buildConfigurations = (
				68F773A1267A43C400C3C670 /* Debug */,
				68F773A2267A43C400C3C670 /* Release */,
			);
			defaultConfigurationIsVisible = 0;
			defaultConfigurationName = Release;
		};
		68F773A3267A43C400C3C670 /* Build configuration list for PBXNativeTarget "StoreHelperDemo (iOS)" */ = {
			isa = XCConfigurationList;
			buildConfigurations = (
				68F773A4267A43C400C3C670 /* Debug */,
				68F773A5267A43C400C3C670 /* Release */,
			);
			defaultConfigurationIsVisible = 0;
			defaultConfigurationName = Release;
		};
/* End XCConfigurationList section */

/* Begin XCSwiftPackageProductDependency section */
		6885039B279CE7000011B289 /* StoreHelper */ = {
			isa = XCSwiftPackageProductDependency;
			productName = StoreHelper;
		};
		6885039D279CE7070011B289 /* StoreHelper */ = {
			isa = XCSwiftPackageProductDependency;
			productName = StoreHelper;
		};
/* End XCSwiftPackageProductDependency section */
	};
	rootObject = 68F77374267A43C300C3C670 /* Project object */;
}
