// !$*UTF8*$!
{
	archiveVersion = 1;
	classes = {
	};
	objectVersion = 55;
	objects = {

/* Begin PBXBuildFile section */
		68187C4D26AF6FD6000321A1 /* OrderedCollections in Frameworks */ = {isa = PBXBuildFile; productRef = 68187C4C26AF6FD6000321A1 /* OrderedCollections */; };
		68187C5226AF776E000321A1 /* SubscriptionHelper.swift in Sources */ = {isa = PBXBuildFile; fileRef = 68187C5126AF776E000321A1 /* SubscriptionHelper.swift */; };
		68187C5326AF776E000321A1 /* SubscriptionHelper.swift in Sources */ = {isa = PBXBuildFile; fileRef = 68187C5126AF776E000321A1 /* SubscriptionHelper.swift */; };
		6824DD2026A5ED5A00E44F35 /* PurchaseInfoView.swift in Sources */ = {isa = PBXBuildFile; fileRef = 6824DD1F26A5ED5A00E44F35 /* PurchaseInfoView.swift */; };
		6824DD2126A5ED5A00E44F35 /* PurchaseInfoView.swift in Sources */ = {isa = PBXBuildFile; fileRef = 6824DD1F26A5ED5A00E44F35 /* PurchaseInfoView.swift */; };
		6848F1F026AAF6730000F0AC /* ProductListView.swift in Sources */ = {isa = PBXBuildFile; fileRef = 6848F1EF26AAF6730000F0AC /* ProductListView.swift */; };
		6848F1F126AAF6730000F0AC /* ProductListView.swift in Sources */ = {isa = PBXBuildFile; fileRef = 6848F1EF26AAF6730000F0AC /* ProductListView.swift */; };
		6848F1F326AAF8D40000F0AC /* OptionsViewRow.swift in Sources */ = {isa = PBXBuildFile; fileRef = 6848F1F226AAF8D40000F0AC /* OptionsViewRow.swift */; };
		6848F1F426AAF8D40000F0AC /* OptionsViewRow.swift in Sources */ = {isa = PBXBuildFile; fileRef = 6848F1F226AAF8D40000F0AC /* OptionsViewRow.swift */; };
		6848F1F626AAF9C70000F0AC /* ProductListViewRow.swift in Sources */ = {isa = PBXBuildFile; fileRef = 6848F1F526AAF9C70000F0AC /* ProductListViewRow.swift */; };
		6848F1F726AAF9C70000F0AC /* ProductListViewRow.swift in Sources */ = {isa = PBXBuildFile; fileRef = 6848F1F526AAF9C70000F0AC /* ProductListViewRow.swift */; };
		687273A92683749300C37D94 /* PriceViewModel.swift in Sources */ = {isa = PBXBuildFile; fileRef = 687273A82683749300C37D94 /* PriceViewModel.swift */; };
		687273AA2683749300C37D94 /* PriceViewModel.swift in Sources */ = {isa = PBXBuildFile; fileRef = 687273A82683749300C37D94 /* PriceViewModel.swift */; };
		689EF8AA26A878FF00EAE26D /* ConsumableBadgeView.swift in Sources */ = {isa = PBXBuildFile; fileRef = 689EF8A926A878FF00EAE26D /* ConsumableBadgeView.swift */; };
		689EF8AB26A878FF00EAE26D /* ConsumableBadgeView.swift in Sources */ = {isa = PBXBuildFile; fileRef = 689EF8A926A878FF00EAE26D /* ConsumableBadgeView.swift */; };
		68A440CF26986F6D00D2408B /* KeychainHelper.swift in Sources */ = {isa = PBXBuildFile; fileRef = 68A440CE26986F6D00D2408B /* KeychainHelper.swift */; };
		68A440D026986F6D00D2408B /* KeychainHelper.swift in Sources */ = {isa = PBXBuildFile; fileRef = 68A440CE26986F6D00D2408B /* KeychainHelper.swift */; };
		68A440D2269897DD00D2408B /* ConsumableView.swift in Sources */ = {isa = PBXBuildFile; fileRef = 68A440D1269897DD00D2408B /* ConsumableView.swift */; };
		68A440D3269897DD00D2408B /* ConsumableView.swift in Sources */ = {isa = PBXBuildFile; fileRef = 68A440D1269897DD00D2408B /* ConsumableView.swift */; };
		68ACE67D2680D8DA00AA9895 /* StoreErrorView.swift in Sources */ = {isa = PBXBuildFile; fileRef = 68ACE67C2680D8DA00AA9895 /* StoreErrorView.swift */; };
		68ACE67E2680D8DA00AA9895 /* StoreErrorView.swift in Sources */ = {isa = PBXBuildFile; fileRef = 68ACE67C2680D8DA00AA9895 /* StoreErrorView.swift */; };
		68ACE6802680D90800AA9895 /* PurchaseButton.swift in Sources */ = {isa = PBXBuildFile; fileRef = 68ACE67F2680D90800AA9895 /* PurchaseButton.swift */; };
		68ACE6812680D90800AA9895 /* PurchaseButton.swift in Sources */ = {isa = PBXBuildFile; fileRef = 68ACE67F2680D90800AA9895 /* PurchaseButton.swift */; };
		68ACE6832680D92700AA9895 /* ProductView.swift in Sources */ = {isa = PBXBuildFile; fileRef = 68ACE6822680D92700AA9895 /* ProductView.swift */; };
		68ACE6842680D92700AA9895 /* ProductView.swift in Sources */ = {isa = PBXBuildFile; fileRef = 68ACE6822680D92700AA9895 /* ProductView.swift */; };
		68ACE6862680D94300AA9895 /* PriceView.swift in Sources */ = {isa = PBXBuildFile; fileRef = 68ACE6852680D94300AA9895 /* PriceView.swift */; };
		68ACE6872680D94300AA9895 /* PriceView.swift in Sources */ = {isa = PBXBuildFile; fileRef = 68ACE6852680D94300AA9895 /* PriceView.swift */; };
		68ACE6892680D95D00AA9895 /* BadgeView.swift in Sources */ = {isa = PBXBuildFile; fileRef = 68ACE6882680D95D00AA9895 /* BadgeView.swift */; };
		68ACE68A2680D95D00AA9895 /* BadgeView.swift in Sources */ = {isa = PBXBuildFile; fileRef = 68ACE6882680D95D00AA9895 /* BadgeView.swift */; };
		68AF013326A9D59200F75F9C /* HamburgerMenu.swift in Sources */ = {isa = PBXBuildFile; fileRef = 68AF013226A9D59200F75F9C /* HamburgerMenu.swift */; };
		68AF013426A9D59200F75F9C /* HamburgerMenu.swift in Sources */ = {isa = PBXBuildFile; fileRef = 68AF013226A9D59200F75F9C /* HamburgerMenu.swift */; };
		68AF013626A9E9CE00F75F9C /* OptionsView.swift in Sources */ = {isa = PBXBuildFile; fileRef = 68AF013526A9E9CE00F75F9C /* OptionsView.swift */; };
		68AF013726A9E9CE00F75F9C /* OptionsView.swift in Sources */ = {isa = PBXBuildFile; fileRef = 68AF013526A9E9CE00F75F9C /* OptionsView.swift */; };
		68C084BA26A8C017002EE9A0 /* PurchaseInfoViewModel.swift in Sources */ = {isa = PBXBuildFile; fileRef = 68C084B926A8C017002EE9A0 /* PurchaseInfoViewModel.swift */; };
		68C084BB26A8C017002EE9A0 /* PurchaseInfoViewModel.swift in Sources */ = {isa = PBXBuildFile; fileRef = 68C084B926A8C017002EE9A0 /* PurchaseInfoViewModel.swift */; };
		68CE0D8726B35F2700CE9CC4 /* PurchaseInfo.swift in Sources */ = {isa = PBXBuildFile; fileRef = 68CE0D8626B35F2700CE9CC4 /* PurchaseInfo.swift */; };
		68CE0D8826B35F2700CE9CC4 /* PurchaseInfo.swift in Sources */ = {isa = PBXBuildFile; fileRef = 68CE0D8626B35F2700CE9CC4 /* PurchaseInfo.swift */; };
		68F77390267A43C400C3C670 /* Tests_iOS.swift in Sources */ = {isa = PBXBuildFile; fileRef = 68F7738F267A43C400C3C670 /* Tests_iOS.swift */; };
		68F7739A267A43C400C3C670 /* Tests_macOS.swift in Sources */ = {isa = PBXBuildFile; fileRef = 68F77399267A43C400C3C670 /* Tests_macOS.swift */; };
		68F7739B267A43C400C3C670 /* StoreHelperApp.swift in Sources */ = {isa = PBXBuildFile; fileRef = 68F77379267A43C300C3C670 /* StoreHelperApp.swift */; };
		68F7739C267A43C400C3C670 /* StoreHelperApp.swift in Sources */ = {isa = PBXBuildFile; fileRef = 68F77379267A43C300C3C670 /* StoreHelperApp.swift */; };
		68F7739D267A43C400C3C670 /* ContentView.swift in Sources */ = {isa = PBXBuildFile; fileRef = 68F7737A267A43C300C3C670 /* ContentView.swift */; };
		68F7739E267A43C400C3C670 /* ContentView.swift in Sources */ = {isa = PBXBuildFile; fileRef = 68F7737A267A43C300C3C670 /* ContentView.swift */; };
		68F7739F267A43C400C3C670 /* Assets.xcassets in Resources */ = {isa = PBXBuildFile; fileRef = 68F7737B267A43C400C3C670 /* Assets.xcassets */; };
		68F773A0267A43C400C3C670 /* Assets.xcassets in Resources */ = {isa = PBXBuildFile; fileRef = 68F7737B267A43C400C3C670 /* Assets.xcassets */; };
		68F773B9267A451E00C3C670 /* Products.plist in Resources */ = {isa = PBXBuildFile; fileRef = 68F773B8267A451E00C3C670 /* Products.plist */; };
		68F773BA267A451E00C3C670 /* Products.plist in Resources */ = {isa = PBXBuildFile; fileRef = 68F773B8267A451E00C3C670 /* Products.plist */; };
		68F773BC267A454700C3C670 /* Configuration.swift in Sources */ = {isa = PBXBuildFile; fileRef = 68F773BB267A454700C3C670 /* Configuration.swift */; };
		68F773BD267A454700C3C670 /* Configuration.swift in Sources */ = {isa = PBXBuildFile; fileRef = 68F773BB267A454700C3C670 /* Configuration.swift */; };
		68F773BF267A462500C3C670 /* Products.storekit in Resources */ = {isa = PBXBuildFile; fileRef = 68F773BE267A462500C3C670 /* Products.storekit */; };
		68F773C0267A462500C3C670 /* Products.storekit in Resources */ = {isa = PBXBuildFile; fileRef = 68F773BE267A462500C3C670 /* Products.storekit */; };
		68F773C6267A47E400C3C670 /* StoreConstants.swift in Sources */ = {isa = PBXBuildFile; fileRef = 68F773C5267A47E400C3C670 /* StoreConstants.swift */; };
		68F773C7267A47E400C3C670 /* StoreConstants.swift in Sources */ = {isa = PBXBuildFile; fileRef = 68F773C5267A47E400C3C670 /* StoreConstants.swift */; };
		68F773C9267A481900C3C670 /* StoreLog.swift in Sources */ = {isa = PBXBuildFile; fileRef = 68F773C8267A481900C3C670 /* StoreLog.swift */; };
		68F773CA267A481900C3C670 /* StoreLog.swift in Sources */ = {isa = PBXBuildFile; fileRef = 68F773C8267A481900C3C670 /* StoreLog.swift */; };
		68F773CC267A48AF00C3C670 /* StoreNotification.swift in Sources */ = {isa = PBXBuildFile; fileRef = 68F773CB267A48AF00C3C670 /* StoreNotification.swift */; };
		68F773CD267A48AF00C3C670 /* StoreNotification.swift in Sources */ = {isa = PBXBuildFile; fileRef = 68F773CB267A48AF00C3C670 /* StoreNotification.swift */; };
		68F773CF267A494500C3C670 /* Utils.swift in Sources */ = {isa = PBXBuildFile; fileRef = 68F773CE267A494500C3C670 /* Utils.swift */; };
		68F773D0267A494500C3C670 /* Utils.swift in Sources */ = {isa = PBXBuildFile; fileRef = 68F773CE267A494500C3C670 /* Utils.swift */; };
		68F773D2267A497000C3C670 /* StoreHelper.swift in Sources */ = {isa = PBXBuildFile; fileRef = 68F773D1267A497000C3C670 /* StoreHelper.swift */; };
		68F773D3267A497000C3C670 /* StoreHelper.swift in Sources */ = {isa = PBXBuildFile; fileRef = 68F773D1267A497000C3C670 /* StoreHelper.swift */; };
		68F773D6267A4A3200C3C670 /* StoreKit.framework in Frameworks */ = {isa = PBXBuildFile; fileRef = 68F773D5267A4A3200C3C670 /* StoreKit.framework */; };
		68F773D8267A4A4400C3C670 /* StoreKit.framework in Frameworks */ = {isa = PBXBuildFile; fileRef = 68F773D7267A4A4400C3C670 /* StoreKit.framework */; };
/* End PBXBuildFile section */

/* Begin PBXContainerItemProxy section */
		68F7738C267A43C400C3C670 /* PBXContainerItemProxy */ = {
			isa = PBXContainerItemProxy;
			containerPortal = 68F77374267A43C300C3C670 /* Project object */;
			proxyType = 1;
			remoteGlobalIDString = 68F7737F267A43C400C3C670;
			remoteInfo = "StoreHelper (iOS)";
		};
		68F77396267A43C400C3C670 /* PBXContainerItemProxy */ = {
			isa = PBXContainerItemProxy;
			containerPortal = 68F77374267A43C300C3C670 /* Project object */;
			proxyType = 1;
			remoteGlobalIDString = 68F77385267A43C400C3C670;
			remoteInfo = "StoreHelper (macOS)";
		};
/* End PBXContainerItemProxy section */

/* Begin PBXFileReference section */
		680B0CAE267CFE79007F7518 /* README.md */ = {isa = PBXFileReference; lastKnownFileType = net.daringfireball.markdown; path = README.md; sourceTree = "<group>"; };
		68187C5126AF776E000321A1 /* SubscriptionHelper.swift */ = {isa = PBXFileReference; lastKnownFileType = sourcecode.swift; path = SubscriptionHelper.swift; sourceTree = "<group>"; };
		6824DD1F26A5ED5A00E44F35 /* PurchaseInfoView.swift */ = {isa = PBXFileReference; lastKnownFileType = sourcecode.swift; path = PurchaseInfoView.swift; sourceTree = "<group>"; };
		6848F1EF26AAF6730000F0AC /* ProductListView.swift */ = {isa = PBXFileReference; lastKnownFileType = sourcecode.swift; path = ProductListView.swift; sourceTree = "<group>"; };
		6848F1F226AAF8D40000F0AC /* OptionsViewRow.swift */ = {isa = PBXFileReference; lastKnownFileType = sourcecode.swift; path = OptionsViewRow.swift; sourceTree = "<group>"; };
		6848F1F526AAF9C70000F0AC /* ProductListViewRow.swift */ = {isa = PBXFileReference; lastKnownFileType = sourcecode.swift; path = ProductListViewRow.swift; sourceTree = "<group>"; };
		687273A82683749300C37D94 /* PriceViewModel.swift */ = {isa = PBXFileReference; lastKnownFileType = sourcecode.swift; path = PriceViewModel.swift; sourceTree = "<group>"; };
		687BC36326933B9F00D156EE /* StoreHelperDemo28.png */ = {isa = PBXFileReference; lastKnownFileType = image.png; path = StoreHelperDemo28.png; sourceTree = "<group>"; };
		687BC36426933B9F00D156EE /* StoreHelperDemo25.png */ = {isa = PBXFileReference; lastKnownFileType = image.png; path = StoreHelperDemo25.png; sourceTree = "<group>"; };
		687BC36526933B9F00D156EE /* StoreHelperDemo26.png */ = {isa = PBXFileReference; lastKnownFileType = image.png; path = StoreHelperDemo26.png; sourceTree = "<group>"; };
		687BC36626933B9F00D156EE /* StoreHelperDemo27.png */ = {isa = PBXFileReference; lastKnownFileType = image.png; path = StoreHelperDemo27.png; sourceTree = "<group>"; };
		689EF8A926A878FF00EAE26D /* ConsumableBadgeView.swift */ = {isa = PBXFileReference; lastKnownFileType = sourcecode.swift; path = ConsumableBadgeView.swift; sourceTree = "<group>"; };
		68A440CE26986F6D00D2408B /* KeychainHelper.swift */ = {isa = PBXFileReference; lastKnownFileType = sourcecode.swift; path = KeychainHelper.swift; sourceTree = "<group>"; };
		68A440D1269897DD00D2408B /* ConsumableView.swift */ = {isa = PBXFileReference; fileEncoding = 4; lastKnownFileType = sourcecode.swift; path = ConsumableView.swift; sourceTree = "<group>"; };
		68ACE67C2680D8DA00AA9895 /* StoreErrorView.swift */ = {isa = PBXFileReference; lastKnownFileType = sourcecode.swift; path = StoreErrorView.swift; sourceTree = "<group>"; };
		68ACE67F2680D90800AA9895 /* PurchaseButton.swift */ = {isa = PBXFileReference; lastKnownFileType = sourcecode.swift; path = PurchaseButton.swift; sourceTree = "<group>"; };
		68ACE6822680D92700AA9895 /* ProductView.swift */ = {isa = PBXFileReference; lastKnownFileType = sourcecode.swift; path = ProductView.swift; sourceTree = "<group>"; };
		68ACE6852680D94300AA9895 /* PriceView.swift */ = {isa = PBXFileReference; lastKnownFileType = sourcecode.swift; path = PriceView.swift; sourceTree = "<group>"; };
		68ACE6882680D95D00AA9895 /* BadgeView.swift */ = {isa = PBXFileReference; lastKnownFileType = sourcecode.swift; path = BadgeView.swift; sourceTree = "<group>"; };
		68AF013226A9D59200F75F9C /* HamburgerMenu.swift */ = {isa = PBXFileReference; lastKnownFileType = sourcecode.swift; path = HamburgerMenu.swift; sourceTree = "<group>"; };
		68AF013526A9E9CE00F75F9C /* OptionsView.swift */ = {isa = PBXFileReference; lastKnownFileType = sourcecode.swift; path = OptionsView.swift; sourceTree = "<group>"; };
		68C084B926A8C017002EE9A0 /* PurchaseInfoViewModel.swift */ = {isa = PBXFileReference; fileEncoding = 4; lastKnownFileType = sourcecode.swift; path = PurchaseInfoViewModel.swift; sourceTree = "<group>"; };
		68C4238526A0FE55003FB291 /* StoreHelperDemo30.png */ = {isa = PBXFileReference; lastKnownFileType = image.png; path = StoreHelperDemo30.png; sourceTree = "<group>"; };
		68C4238626A0FE55003FB291 /* StoreHelperDemo33.png */ = {isa = PBXFileReference; lastKnownFileType = image.png; path = StoreHelperDemo33.png; sourceTree = "<group>"; };
		68C4238726A0FE55003FB291 /* StoreHelperDemo36.png */ = {isa = PBXFileReference; lastKnownFileType = image.png; path = StoreHelperDemo36.png; sourceTree = "<group>"; };
		68C4238826A0FE56003FB291 /* StoreHelperDemo41.png */ = {isa = PBXFileReference; lastKnownFileType = image.png; path = StoreHelperDemo41.png; sourceTree = "<group>"; };
		68C4238926A0FE56003FB291 /* StoreHelperDemo37.png */ = {isa = PBXFileReference; lastKnownFileType = image.png; path = StoreHelperDemo37.png; sourceTree = "<group>"; };
		68C4238A26A0FE56003FB291 /* StoreHelperDemo29.png */ = {isa = PBXFileReference; lastKnownFileType = image.png; path = StoreHelperDemo29.png; sourceTree = "<group>"; };
		68C4238B26A0FE56003FB291 /* StoreHelperDemo38.png */ = {isa = PBXFileReference; lastKnownFileType = image.png; path = StoreHelperDemo38.png; sourceTree = "<group>"; };
		68C4238C26A0FE56003FB291 /* StoreHelperDemo39.png */ = {isa = PBXFileReference; lastKnownFileType = image.png; path = StoreHelperDemo39.png; sourceTree = "<group>"; };
		68C4238D26A0FE56003FB291 /* StoreHelperDemo34.png */ = {isa = PBXFileReference; lastKnownFileType = image.png; path = StoreHelperDemo34.png; sourceTree = "<group>"; };
		68C4238E26A0FE56003FB291 /* StoreHelperDemo32.png */ = {isa = PBXFileReference; lastKnownFileType = image.png; path = StoreHelperDemo32.png; sourceTree = "<group>"; };
		68C4238F26A0FE56003FB291 /* StoreHelperDemo42.png */ = {isa = PBXFileReference; lastKnownFileType = image.png; path = StoreHelperDemo42.png; sourceTree = "<group>"; };
		68C4239026A0FE56003FB291 /* StoreHelperDemo43.png */ = {isa = PBXFileReference; lastKnownFileType = image.png; path = StoreHelperDemo43.png; sourceTree = "<group>"; };
		68C4239126A0FE56003FB291 /* StoreHelperDemo44.png */ = {isa = PBXFileReference; lastKnownFileType = image.png; path = StoreHelperDemo44.png; sourceTree = "<group>"; };
		68C4239226A0FE56003FB291 /* StoreHelperDemo45.png */ = {isa = PBXFileReference; lastKnownFileType = image.png; path = StoreHelperDemo45.png; sourceTree = "<group>"; };
		68C4239326A0FE56003FB291 /* StoreHelperDemo35.png */ = {isa = PBXFileReference; lastKnownFileType = image.png; path = StoreHelperDemo35.png; sourceTree = "<group>"; };
		68C4239426A0FE56003FB291 /* StoreHelperDemo40.png */ = {isa = PBXFileReference; lastKnownFileType = image.png; path = StoreHelperDemo40.png; sourceTree = "<group>"; };
		68C4239526A0FE56003FB291 /* StoreHelperDemo31.png */ = {isa = PBXFileReference; lastKnownFileType = image.png; path = StoreHelperDemo31.png; sourceTree = "<group>"; };
		68C4239626A0FE56003FB291 /* StoreHelperDemo46.png */ = {isa = PBXFileReference; lastKnownFileType = image.png; path = StoreHelperDemo46.png; sourceTree = "<group>"; };
		68C7C6F02688F06A0062F9EC /* StoreHelperDemo10.png */ = {isa = PBXFileReference; lastKnownFileType = image.png; path = StoreHelperDemo10.png; sourceTree = "<group>"; };
		68C7C6F12688F06B0062F9EC /* StoreHelperDemo15.png */ = {isa = PBXFileReference; lastKnownFileType = image.png; path = StoreHelperDemo15.png; sourceTree = "<group>"; };
		68C7C6F22688F06B0062F9EC /* StoreHelperDemo1.png */ = {isa = PBXFileReference; lastKnownFileType = image.png; path = StoreHelperDemo1.png; sourceTree = "<group>"; };
		68C7C6F32688F06B0062F9EC /* StoreHelperDemo16.png */ = {isa = PBXFileReference; lastKnownFileType = image.png; path = StoreHelperDemo16.png; sourceTree = "<group>"; };
		68C7C6F42688F06B0062F9EC /* StoreHelperDemo12.png */ = {isa = PBXFileReference; lastKnownFileType = image.png; path = StoreHelperDemo12.png; sourceTree = "<group>"; };
		68C7C6F52688F06B0062F9EC /* StoreHelperDemo8.png */ = {isa = PBXFileReference; lastKnownFileType = image.png; path = StoreHelperDemo8.png; sourceTree = "<group>"; };
		68C7C6F62688F06B0062F9EC /* StoreHelperDemo2.png */ = {isa = PBXFileReference; lastKnownFileType = image.png; path = StoreHelperDemo2.png; sourceTree = "<group>"; };
		68C7C6F72688F06B0062F9EC /* StoreHelperDemo3.png */ = {isa = PBXFileReference; lastKnownFileType = image.png; path = StoreHelperDemo3.png; sourceTree = "<group>"; };
		68C7C6F82688F06B0062F9EC /* StoreHelperDemo11.png */ = {isa = PBXFileReference; lastKnownFileType = image.png; path = StoreHelperDemo11.png; sourceTree = "<group>"; };
		68C7C6F92688F06B0062F9EC /* StoreHelperDemo23.png */ = {isa = PBXFileReference; lastKnownFileType = image.png; path = StoreHelperDemo23.png; sourceTree = "<group>"; };
		68C7C6FA2688F06B0062F9EC /* StoreHelperDemo4.png */ = {isa = PBXFileReference; lastKnownFileType = image.png; path = StoreHelperDemo4.png; sourceTree = "<group>"; };
		68C7C6FB2688F06B0062F9EC /* StoreHelperDemo18.png */ = {isa = PBXFileReference; lastKnownFileType = image.png; path = StoreHelperDemo18.png; sourceTree = "<group>"; };
		68C7C6FC2688F06B0062F9EC /* StoreHelperDemo5.png */ = {isa = PBXFileReference; lastKnownFileType = image.png; path = StoreHelperDemo5.png; sourceTree = "<group>"; };
		68C7C6FD2688F06B0062F9EC /* StoreHelperDemo14.png */ = {isa = PBXFileReference; lastKnownFileType = image.png; path = StoreHelperDemo14.png; sourceTree = "<group>"; };
		68C7C6FE2688F06B0062F9EC /* StoreHelperDemo19.png */ = {isa = PBXFileReference; lastKnownFileType = image.png; path = StoreHelperDemo19.png; sourceTree = "<group>"; };
		68C7C6FF2688F06B0062F9EC /* StoreHelperDemo17.png */ = {isa = PBXFileReference; lastKnownFileType = image.png; path = StoreHelperDemo17.png; sourceTree = "<group>"; };
		68C7C7002688F06B0062F9EC /* StoreHelperDemo20.gif */ = {isa = PBXFileReference; lastKnownFileType = image.gif; path = StoreHelperDemo20.gif; sourceTree = "<group>"; };
		68C7C7012688F06B0062F9EC /* StoreHelperDemo21.png */ = {isa = PBXFileReference; lastKnownFileType = image.png; path = StoreHelperDemo21.png; sourceTree = "<group>"; };
		68C7C7022688F06B0062F9EC /* StoreHelperDemo0.png */ = {isa = PBXFileReference; lastKnownFileType = image.png; path = StoreHelperDemo0.png; sourceTree = "<group>"; };
		68C7C7032688F06B0062F9EC /* StoreHelperDemo6.png */ = {isa = PBXFileReference; lastKnownFileType = image.png; path = StoreHelperDemo6.png; sourceTree = "<group>"; };
		68C7C7042688F06B0062F9EC /* StoreHelperDemo9.png */ = {isa = PBXFileReference; lastKnownFileType = image.png; path = StoreHelperDemo9.png; sourceTree = "<group>"; };
		68C7C7052688F06B0062F9EC /* StoreHelperDemo22.gif */ = {isa = PBXFileReference; lastKnownFileType = image.gif; path = StoreHelperDemo22.gif; sourceTree = "<group>"; };
		68C7C7062688F06B0062F9EC /* StoreHelperDemo7.png */ = {isa = PBXFileReference; lastKnownFileType = image.png; path = StoreHelperDemo7.png; sourceTree = "<group>"; };
		68C7C7072688F06B0062F9EC /* StoreHelperDemo13.png */ = {isa = PBXFileReference; lastKnownFileType = image.png; path = StoreHelperDemo13.png; sourceTree = "<group>"; };
		68CE0D8626B35F2700CE9CC4 /* PurchaseInfo.swift */ = {isa = PBXFileReference; lastKnownFileType = sourcecode.swift; path = PurchaseInfo.swift; sourceTree = "<group>"; };
		68E713C7268CE58F00776A08 /* StoreHelperDemo24.gif */ = {isa = PBXFileReference; lastKnownFileType = image.gif; path = StoreHelperDemo24.gif; sourceTree = "<group>"; };
		68F77379267A43C300C3C670 /* StoreHelperApp.swift */ = {isa = PBXFileReference; lastKnownFileType = sourcecode.swift; path = StoreHelperApp.swift; sourceTree = "<group>"; };
		68F7737A267A43C300C3C670 /* ContentView.swift */ = {isa = PBXFileReference; lastKnownFileType = sourcecode.swift; path = ContentView.swift; sourceTree = "<group>"; };
		68F7737B267A43C400C3C670 /* Assets.xcassets */ = {isa = PBXFileReference; lastKnownFileType = folder.assetcatalog; path = Assets.xcassets; sourceTree = "<group>"; };
		68F77380267A43C400C3C670 /* StoreHelper.app */ = {isa = PBXFileReference; explicitFileType = wrapper.application; includeInIndex = 0; path = StoreHelper.app; sourceTree = BUILT_PRODUCTS_DIR; };
		68F77386267A43C400C3C670 /* StoreHelper.app */ = {isa = PBXFileReference; explicitFileType = wrapper.application; includeInIndex = 0; path = StoreHelper.app; sourceTree = BUILT_PRODUCTS_DIR; };
		68F7738B267A43C400C3C670 /* Tests iOS.xctest */ = {isa = PBXFileReference; explicitFileType = wrapper.cfbundle; includeInIndex = 0; path = "Tests iOS.xctest"; sourceTree = BUILT_PRODUCTS_DIR; };
		68F7738F267A43C400C3C670 /* Tests_iOS.swift */ = {isa = PBXFileReference; lastKnownFileType = sourcecode.swift; path = Tests_iOS.swift; sourceTree = "<group>"; };
		68F77395267A43C400C3C670 /* Tests macOS.xctest */ = {isa = PBXFileReference; explicitFileType = wrapper.cfbundle; includeInIndex = 0; path = "Tests macOS.xctest"; sourceTree = BUILT_PRODUCTS_DIR; };
		68F77399267A43C400C3C670 /* Tests_macOS.swift */ = {isa = PBXFileReference; lastKnownFileType = sourcecode.swift; path = Tests_macOS.swift; sourceTree = "<group>"; };
		68F773B8267A451E00C3C670 /* Products.plist */ = {isa = PBXFileReference; lastKnownFileType = text.plist.xml; path = Products.plist; sourceTree = "<group>"; };
		68F773BB267A454700C3C670 /* Configuration.swift */ = {isa = PBXFileReference; lastKnownFileType = sourcecode.swift; path = Configuration.swift; sourceTree = "<group>"; };
		68F773BE267A462500C3C670 /* Products.storekit */ = {isa = PBXFileReference; lastKnownFileType = text; path = Products.storekit; sourceTree = "<group>"; };
		68F773C5267A47E400C3C670 /* StoreConstants.swift */ = {isa = PBXFileReference; lastKnownFileType = sourcecode.swift; path = StoreConstants.swift; sourceTree = "<group>"; };
		68F773C8267A481900C3C670 /* StoreLog.swift */ = {isa = PBXFileReference; lastKnownFileType = sourcecode.swift; path = StoreLog.swift; sourceTree = "<group>"; };
		68F773CB267A48AF00C3C670 /* StoreNotification.swift */ = {isa = PBXFileReference; lastKnownFileType = sourcecode.swift; path = StoreNotification.swift; sourceTree = "<group>"; };
		68F773CE267A494500C3C670 /* Utils.swift */ = {isa = PBXFileReference; lastKnownFileType = sourcecode.swift; path = Utils.swift; sourceTree = "<group>"; };
		68F773D1267A497000C3C670 /* StoreHelper.swift */ = {isa = PBXFileReference; lastKnownFileType = sourcecode.swift; path = StoreHelper.swift; sourceTree = "<group>"; };
		68F773D5267A4A3200C3C670 /* StoreKit.framework */ = {isa = PBXFileReference; lastKnownFileType = wrapper.framework; name = StoreKit.framework; path = Platforms/iPhoneOS.platform/Developer/SDKs/iPhoneOS15.0.sdk/System/Library/Frameworks/StoreKit.framework; sourceTree = DEVELOPER_DIR; };
		68F773D7267A4A4400C3C670 /* StoreKit.framework */ = {isa = PBXFileReference; lastKnownFileType = wrapper.framework; name = StoreKit.framework; path = System/Library/Frameworks/StoreKit.framework; sourceTree = SDKROOT; };
/* End PBXFileReference section */

/* Begin PBXFrameworksBuildPhase section */
		68F7737D267A43C400C3C670 /* Frameworks */ = {
			isa = PBXFrameworksBuildPhase;
			buildActionMask = 2147483647;
			files = (
				68187C4D26AF6FD6000321A1 /* OrderedCollections in Frameworks */,
				68F773D6267A4A3200C3C670 /* StoreKit.framework in Frameworks */,
			);
			runOnlyForDeploymentPostprocessing = 0;
		};
		68F77383267A43C400C3C670 /* Frameworks */ = {
			isa = PBXFrameworksBuildPhase;
			buildActionMask = 2147483647;
			files = (
				68F773D8267A4A4400C3C670 /* StoreKit.framework in Frameworks */,
			);
			runOnlyForDeploymentPostprocessing = 0;
		};
		68F77388267A43C400C3C670 /* Frameworks */ = {
			isa = PBXFrameworksBuildPhase;
			buildActionMask = 2147483647;
			files = (
			);
			runOnlyForDeploymentPostprocessing = 0;
		};
		68F77392267A43C400C3C670 /* Frameworks */ = {
			isa = PBXFrameworksBuildPhase;
			buildActionMask = 2147483647;
			files = (
			);
			runOnlyForDeploymentPostprocessing = 0;
		};
/* End PBXFrameworksBuildPhase section */

/* Begin PBXGroup section */
		680B0CAF267CFE7E007F7518 /* readme-assets */ = {
			isa = PBXGroup;
			children = (
				68C7C7022688F06B0062F9EC /* StoreHelperDemo0.png */,
				68C7C6F22688F06B0062F9EC /* StoreHelperDemo1.png */,
				68C7C6F62688F06B0062F9EC /* StoreHelperDemo2.png */,
				68C7C6F72688F06B0062F9EC /* StoreHelperDemo3.png */,
				68C7C6FA2688F06B0062F9EC /* StoreHelperDemo4.png */,
				68C7C6FC2688F06B0062F9EC /* StoreHelperDemo5.png */,
				68C7C7032688F06B0062F9EC /* StoreHelperDemo6.png */,
				68C7C7062688F06B0062F9EC /* StoreHelperDemo7.png */,
				68C7C6F52688F06B0062F9EC /* StoreHelperDemo8.png */,
				68C7C7042688F06B0062F9EC /* StoreHelperDemo9.png */,
				68C7C6F02688F06A0062F9EC /* StoreHelperDemo10.png */,
				68C7C6F82688F06B0062F9EC /* StoreHelperDemo11.png */,
				68C7C6F42688F06B0062F9EC /* StoreHelperDemo12.png */,
				68C7C7072688F06B0062F9EC /* StoreHelperDemo13.png */,
				68C7C6FD2688F06B0062F9EC /* StoreHelperDemo14.png */,
				68C7C6F12688F06B0062F9EC /* StoreHelperDemo15.png */,
				68C7C6F32688F06B0062F9EC /* StoreHelperDemo16.png */,
				68C7C6FF2688F06B0062F9EC /* StoreHelperDemo17.png */,
				68C7C6FB2688F06B0062F9EC /* StoreHelperDemo18.png */,
				68C7C6FE2688F06B0062F9EC /* StoreHelperDemo19.png */,
				68C7C7002688F06B0062F9EC /* StoreHelperDemo20.gif */,
				68C7C7012688F06B0062F9EC /* StoreHelperDemo21.png */,
				68C7C7052688F06B0062F9EC /* StoreHelperDemo22.gif */,
				68C7C6F92688F06B0062F9EC /* StoreHelperDemo23.png */,
				68E713C7268CE58F00776A08 /* StoreHelperDemo24.gif */,
				687BC36426933B9F00D156EE /* StoreHelperDemo25.png */,
				687BC36526933B9F00D156EE /* StoreHelperDemo26.png */,
				687BC36626933B9F00D156EE /* StoreHelperDemo27.png */,
				687BC36326933B9F00D156EE /* StoreHelperDemo28.png */,
				68C4238A26A0FE56003FB291 /* StoreHelperDemo29.png */,
				68C4238526A0FE55003FB291 /* StoreHelperDemo30.png */,
				68C4239526A0FE56003FB291 /* StoreHelperDemo31.png */,
				68C4238E26A0FE56003FB291 /* StoreHelperDemo32.png */,
				68C4238626A0FE55003FB291 /* StoreHelperDemo33.png */,
				68C4238D26A0FE56003FB291 /* StoreHelperDemo34.png */,
				68C4239326A0FE56003FB291 /* StoreHelperDemo35.png */,
				68C4238726A0FE55003FB291 /* StoreHelperDemo36.png */,
				68C4238926A0FE56003FB291 /* StoreHelperDemo37.png */,
				68C4238B26A0FE56003FB291 /* StoreHelperDemo38.png */,
				68C4238C26A0FE56003FB291 /* StoreHelperDemo39.png */,
				68C4239426A0FE56003FB291 /* StoreHelperDemo40.png */,
				68C4238826A0FE56003FB291 /* StoreHelperDemo41.png */,
				68C4238F26A0FE56003FB291 /* StoreHelperDemo42.png */,
				68C4239026A0FE56003FB291 /* StoreHelperDemo43.png */,
				68C4239126A0FE56003FB291 /* StoreHelperDemo44.png */,
				68C4239226A0FE56003FB291 /* StoreHelperDemo45.png */,
				68C4239626A0FE56003FB291 /* StoreHelperDemo46.png */,
			);
			path = "readme-assets";
			sourceTree = "<group>";
		};
		687273A72683744E00C37D94 /* ViewModels */ = {
			isa = PBXGroup;
			children = (
				687273A82683749300C37D94 /* PriceViewModel.swift */,
				68C084B926A8C017002EE9A0 /* PurchaseInfoViewModel.swift */,
			);
			path = ViewModels;
			sourceTree = "<group>";
		};
		68F77373267A43C300C3C670 = {
			isa = PBXGroup;
			children = (
				680B0CAE267CFE79007F7518 /* README.md */,
				680B0CAF267CFE7E007F7518 /* readme-assets */,
				68F773AF267A43E400C3C670 /* iOS */,
				68F773B0267A43EB00C3C670 /* macOS */,
				68F77378267A43C300C3C670 /* Shared */,
				68F77381267A43C400C3C670 /* Products */,
				68F7738E267A43C400C3C670 /* Tests iOS */,
				68F77398267A43C400C3C670 /* Tests macOS */,
				68F773D4267A4A3200C3C670 /* Frameworks */,
			);
			sourceTree = "<group>";
		};
		68F77378267A43C300C3C670 /* Shared */ = {
			isa = PBXGroup;
			children = (
				68F773B7267A44D000C3C670 /* Configuration */,
				68F773C4267A47B300C3C670 /* StoreHelper */,
				68F773B5267A442700C3C670 /* Support */,
				687273A72683744E00C37D94 /* ViewModels */,
				68F773B6267A444000C3C670 /* Views */,
			);
			path = Shared;
			sourceTree = "<group>";
		};
		68F77381267A43C400C3C670 /* Products */ = {
			isa = PBXGroup;
			children = (
				68F77380267A43C400C3C670 /* StoreHelper.app */,
				68F77386267A43C400C3C670 /* StoreHelper.app */,
				68F7738B267A43C400C3C670 /* Tests iOS.xctest */,
				68F77395267A43C400C3C670 /* Tests macOS.xctest */,
			);
			name = Products;
			sourceTree = "<group>";
		};
		68F7738E267A43C400C3C670 /* Tests iOS */ = {
			isa = PBXGroup;
			children = (
				68F7738F267A43C400C3C670 /* Tests_iOS.swift */,
			);
			path = "Tests iOS";
			sourceTree = "<group>";
		};
		68F77398267A43C400C3C670 /* Tests macOS */ = {
			isa = PBXGroup;
			children = (
				68F77399267A43C400C3C670 /* Tests_macOS.swift */,
			);
			path = "Tests macOS";
			sourceTree = "<group>";
		};
		68F773AF267A43E400C3C670 /* iOS */ = {
			isa = PBXGroup;
			children = (
				68F773B4267A442100C3C670 /* Views */,
			);
			path = iOS;
			sourceTree = "<group>";
		};
		68F773B0267A43EB00C3C670 /* macOS */ = {
			isa = PBXGroup;
			children = (
				68F773B3267A441A00C3C670 /* Views */,
			);
			path = macOS;
			sourceTree = "<group>";
		};
		68F773B3267A441A00C3C670 /* Views */ = {
			isa = PBXGroup;
			children = (
			);
			path = Views;
			sourceTree = "<group>";
		};
		68F773B4267A442100C3C670 /* Views */ = {
			isa = PBXGroup;
			children = (
			);
			path = Views;
			sourceTree = "<group>";
		};
		68F773B5267A442700C3C670 /* Support */ = {
			isa = PBXGroup;
			children = (
				68F77379267A43C300C3C670 /* StoreHelperApp.swift */,
				68F773CE267A494500C3C670 /* Utils.swift */,
				68F7737B267A43C400C3C670 /* Assets.xcassets */,
			);
			path = Support;
			sourceTree = "<group>";
		};
		68F773B6267A444000C3C670 /* Views */ = {
			isa = PBXGroup;
			children = (
				68ACE6882680D95D00AA9895 /* BadgeView.swift */,
				689EF8A926A878FF00EAE26D /* ConsumableBadgeView.swift */,
				68A440D1269897DD00D2408B /* ConsumableView.swift */,
				68F7737A267A43C300C3C670 /* ContentView.swift */,
				68AF013226A9D59200F75F9C /* HamburgerMenu.swift */,
				68AF013526A9E9CE00F75F9C /* OptionsView.swift */,
				6848F1F226AAF8D40000F0AC /* OptionsViewRow.swift */,
				68ACE6852680D94300AA9895 /* PriceView.swift */,
				6848F1EF26AAF6730000F0AC /* ProductListView.swift */,
				6848F1F526AAF9C70000F0AC /* ProductListViewRow.swift */,
				68ACE6822680D92700AA9895 /* ProductView.swift */,
				68ACE67F2680D90800AA9895 /* PurchaseButton.swift */,
				6824DD1F26A5ED5A00E44F35 /* PurchaseInfoView.swift */,
				68ACE67C2680D8DA00AA9895 /* StoreErrorView.swift */,
			);
			path = Views;
			sourceTree = "<group>";
		};
		68F773B7267A44D000C3C670 /* Configuration */ = {
			isa = PBXGroup;
			children = (
				68F773B8267A451E00C3C670 /* Products.plist */,
				68F773BE267A462500C3C670 /* Products.storekit */,
				68F773BB267A454700C3C670 /* Configuration.swift */,
			);
			path = Configuration;
			sourceTree = "<group>";
		};
		68F773C4267A47B300C3C670 /* StoreHelper */ = {
			isa = PBXGroup;
			children = (
				68A440CE26986F6D00D2408B /* KeychainHelper.swift */,
				68CE0D8626B35F2700CE9CC4 /* PurchaseInfo.swift */,
				68F773C5267A47E400C3C670 /* StoreConstants.swift */,
				68F773D1267A497000C3C670 /* StoreHelper.swift */,
				68F773C8267A481900C3C670 /* StoreLog.swift */,
				68F773CB267A48AF00C3C670 /* StoreNotification.swift */,
				68187C5126AF776E000321A1 /* SubscriptionHelper.swift */,
			);
			path = StoreHelper;
			sourceTree = "<group>";
		};
		68F773D4267A4A3200C3C670 /* Frameworks */ = {
			isa = PBXGroup;
			children = (
				68F773D7267A4A4400C3C670 /* StoreKit.framework */,
				68F773D5267A4A3200C3C670 /* StoreKit.framework */,
			);
			name = Frameworks;
			sourceTree = "<group>";
		};
/* End PBXGroup section */

/* Begin PBXNativeTarget section */
		68F7737F267A43C400C3C670 /* StoreHelper (iOS) */ = {
			isa = PBXNativeTarget;
			buildConfigurationList = 68F773A3267A43C400C3C670 /* Build configuration list for PBXNativeTarget "StoreHelper (iOS)" */;
			buildPhases = (
				68F7737C267A43C400C3C670 /* Sources */,
				68F7737D267A43C400C3C670 /* Frameworks */,
				68F7737E267A43C400C3C670 /* Resources */,
			);
			buildRules = (
			);
			dependencies = (
			);
			name = "StoreHelper (iOS)";
			packageProductDependencies = (
				68187C4C26AF6FD6000321A1 /* OrderedCollections */,
			);
			productName = "StoreHelper (iOS)";
			productReference = 68F77380267A43C400C3C670 /* StoreHelper.app */;
			productType = "com.apple.product-type.application";
		};
		68F77385267A43C400C3C670 /* StoreHelper (macOS) */ = {
			isa = PBXNativeTarget;
			buildConfigurationList = 68F773A6267A43C400C3C670 /* Build configuration list for PBXNativeTarget "StoreHelper (macOS)" */;
			buildPhases = (
				68F77382267A43C400C3C670 /* Sources */,
				68F77383267A43C400C3C670 /* Frameworks */,
				68F77384267A43C400C3C670 /* Resources */,
			);
			buildRules = (
			);
			dependencies = (
			);
			name = "StoreHelper (macOS)";
			productName = "StoreHelper (macOS)";
			productReference = 68F77386267A43C400C3C670 /* StoreHelper.app */;
			productType = "com.apple.product-type.application";
		};
		68F7738A267A43C400C3C670 /* Tests iOS */ = {
			isa = PBXNativeTarget;
			buildConfigurationList = 68F773A9267A43C400C3C670 /* Build configuration list for PBXNativeTarget "Tests iOS" */;
			buildPhases = (
				68F77387267A43C400C3C670 /* Sources */,
				68F77388267A43C400C3C670 /* Frameworks */,
				68F77389267A43C400C3C670 /* Resources */,
			);
			buildRules = (
			);
			dependencies = (
				68F7738D267A43C400C3C670 /* PBXTargetDependency */,
			);
			name = "Tests iOS";
			productName = "Tests iOS";
			productReference = 68F7738B267A43C400C3C670 /* Tests iOS.xctest */;
			productType = "com.apple.product-type.bundle.ui-testing";
		};
		68F77394267A43C400C3C670 /* Tests macOS */ = {
			isa = PBXNativeTarget;
			buildConfigurationList = 68F773AC267A43C400C3C670 /* Build configuration list for PBXNativeTarget "Tests macOS" */;
			buildPhases = (
				68F77391267A43C400C3C670 /* Sources */,
				68F77392267A43C400C3C670 /* Frameworks */,
				68F77393267A43C400C3C670 /* Resources */,
			);
			buildRules = (
			);
			dependencies = (
				68F77397267A43C400C3C670 /* PBXTargetDependency */,
			);
			name = "Tests macOS";
			productName = "Tests macOS";
			productReference = 68F77395267A43C400C3C670 /* Tests macOS.xctest */;
			productType = "com.apple.product-type.bundle.ui-testing";
		};
/* End PBXNativeTarget section */

/* Begin PBXProject section */
		68F77374267A43C300C3C670 /* Project object */ = {
			isa = PBXProject;
			attributes = {
				BuildIndependentTargetsInParallel = 1;
				LastSwiftUpdateCheck = 1300;
				LastUpgradeCheck = 1300;
				TargetAttributes = {
					68F7737F267A43C400C3C670 = {
						CreatedOnToolsVersion = 13.0;
					};
					68F77385267A43C400C3C670 = {
						CreatedOnToolsVersion = 13.0;
					};
					68F7738A267A43C400C3C670 = {
						CreatedOnToolsVersion = 13.0;
						TestTargetID = 68F7737F267A43C400C3C670;
					};
					68F77394267A43C400C3C670 = {
						CreatedOnToolsVersion = 13.0;
						TestTargetID = 68F77385267A43C400C3C670;
					};
				};
			};
			buildConfigurationList = 68F77377267A43C300C3C670 /* Build configuration list for PBXProject "StoreHelper" */;
			compatibilityVersion = "Xcode 13.0";
			developmentRegion = en;
			hasScannedForEncodings = 0;
			knownRegions = (
				en,
				Base,
			);
			mainGroup = 68F77373267A43C300C3C670;
			packageReferences = (
				68187C4B26AF6FD6000321A1 /* XCRemoteSwiftPackageReference "swift-collections" */,
			);
			productRefGroup = 68F77381267A43C400C3C670 /* Products */;
			projectDirPath = "";
			projectRoot = "";
			targets = (
				68F7737F267A43C400C3C670 /* StoreHelper (iOS) */,
				68F77385267A43C400C3C670 /* StoreHelper (macOS) */,
				68F7738A267A43C400C3C670 /* Tests iOS */,
				68F77394267A43C400C3C670 /* Tests macOS */,
			);
		};
/* End PBXProject section */

/* Begin PBXResourcesBuildPhase section */
		68F7737E267A43C400C3C670 /* Resources */ = {
			isa = PBXResourcesBuildPhase;
			buildActionMask = 2147483647;
			files = (
				68F773B9267A451E00C3C670 /* Products.plist in Resources */,
				68F773BF267A462500C3C670 /* Products.storekit in Resources */,
				68F7739F267A43C400C3C670 /* Assets.xcassets in Resources */,
			);
			runOnlyForDeploymentPostprocessing = 0;
		};
		68F77384267A43C400C3C670 /* Resources */ = {
			isa = PBXResourcesBuildPhase;
			buildActionMask = 2147483647;
			files = (
				68F773BA267A451E00C3C670 /* Products.plist in Resources */,
				68F773C0267A462500C3C670 /* Products.storekit in Resources */,
				68F773A0267A43C400C3C670 /* Assets.xcassets in Resources */,
			);
			runOnlyForDeploymentPostprocessing = 0;
		};
		68F77389267A43C400C3C670 /* Resources */ = {
			isa = PBXResourcesBuildPhase;
			buildActionMask = 2147483647;
			files = (
			);
			runOnlyForDeploymentPostprocessing = 0;
		};
		68F77393267A43C400C3C670 /* Resources */ = {
			isa = PBXResourcesBuildPhase;
			buildActionMask = 2147483647;
			files = (
			);
			runOnlyForDeploymentPostprocessing = 0;
		};
/* End PBXResourcesBuildPhase section */

/* Begin PBXSourcesBuildPhase section */
		68F7737C267A43C400C3C670 /* Sources */ = {
			isa = PBXSourcesBuildPhase;
			buildActionMask = 2147483647;
			files = (
				6848F1F026AAF6730000F0AC /* ProductListView.swift in Sources */,
				68F773BC267A454700C3C670 /* Configuration.swift in Sources */,
				68F773C9267A481900C3C670 /* StoreLog.swift in Sources */,
				68F773CC267A48AF00C3C670 /* StoreNotification.swift in Sources */,
				68AF013626A9E9CE00F75F9C /* OptionsView.swift in Sources */,
				68F773D2267A497000C3C670 /* StoreHelper.swift in Sources */,
				68187C5226AF776E000321A1 /* SubscriptionHelper.swift in Sources */,
				68F7739D267A43C400C3C670 /* ContentView.swift in Sources */,
				68F773C6267A47E400C3C670 /* StoreConstants.swift in Sources */,
				687273A92683749300C37D94 /* PriceViewModel.swift in Sources */,
				68C084BA26A8C017002EE9A0 /* PurchaseInfoViewModel.swift in Sources */,
				68F7739B267A43C400C3C670 /* StoreHelperApp.swift in Sources */,
				68ACE6832680D92700AA9895 /* ProductView.swift in Sources */,
				6848F1F326AAF8D40000F0AC /* OptionsViewRow.swift in Sources */,
				689EF8AA26A878FF00EAE26D /* ConsumableBadgeView.swift in Sources */,
				68ACE6862680D94300AA9895 /* PriceView.swift in Sources */,
				68AF013326A9D59200F75F9C /* HamburgerMenu.swift in Sources */,
				6824DD2026A5ED5A00E44F35 /* PurchaseInfoView.swift in Sources */,
				68CE0D8726B35F2700CE9CC4 /* PurchaseInfo.swift in Sources */,
				68F773CF267A494500C3C670 /* Utils.swift in Sources */,
				68A440D2269897DD00D2408B /* ConsumableView.swift in Sources */,
				6848F1F626AAF9C70000F0AC /* ProductListViewRow.swift in Sources */,
				68ACE6802680D90800AA9895 /* PurchaseButton.swift in Sources */,
				68ACE6892680D95D00AA9895 /* BadgeView.swift in Sources */,
				68A440CF26986F6D00D2408B /* KeychainHelper.swift in Sources */,
				68ACE67D2680D8DA00AA9895 /* StoreErrorView.swift in Sources */,
			);
			runOnlyForDeploymentPostprocessing = 0;
		};
		68F77382267A43C400C3C670 /* Sources */ = {
			isa = PBXSourcesBuildPhase;
			buildActionMask = 2147483647;
			files = (
				6848F1F126AAF6730000F0AC /* ProductListView.swift in Sources */,
				68F773BD267A454700C3C670 /* Configuration.swift in Sources */,
				68F773CA267A481900C3C670 /* StoreLog.swift in Sources */,
				68F773CD267A48AF00C3C670 /* StoreNotification.swift in Sources */,
				68AF013726A9E9CE00F75F9C /* OptionsView.swift in Sources */,
				68F773D3267A497000C3C670 /* StoreHelper.swift in Sources */,
				68187C5326AF776E000321A1 /* SubscriptionHelper.swift in Sources */,
				68F7739E267A43C400C3C670 /* ContentView.swift in Sources */,
				68F773C7267A47E400C3C670 /* StoreConstants.swift in Sources */,
				687273AA2683749300C37D94 /* PriceViewModel.swift in Sources */,
				68C084BB26A8C017002EE9A0 /* PurchaseInfoViewModel.swift in Sources */,
				68F7739C267A43C400C3C670 /* StoreHelperApp.swift in Sources */,
				68ACE6842680D92700AA9895 /* ProductView.swift in Sources */,
				6848F1F426AAF8D40000F0AC /* OptionsViewRow.swift in Sources */,
				689EF8AB26A878FF00EAE26D /* ConsumableBadgeView.swift in Sources */,
				68ACE6872680D94300AA9895 /* PriceView.swift in Sources */,
				68AF013426A9D59200F75F9C /* HamburgerMenu.swift in Sources */,
				6824DD2126A5ED5A00E44F35 /* PurchaseInfoView.swift in Sources */,
				68CE0D8826B35F2700CE9CC4 /* PurchaseInfo.swift in Sources */,
				68F773D0267A494500C3C670 /* Utils.swift in Sources */,
				68A440D3269897DD00D2408B /* ConsumableView.swift in Sources */,
				6848F1F726AAF9C70000F0AC /* ProductListViewRow.swift in Sources */,
				68ACE6812680D90800AA9895 /* PurchaseButton.swift in Sources */,
				68ACE68A2680D95D00AA9895 /* BadgeView.swift in Sources */,
				68A440D026986F6D00D2408B /* KeychainHelper.swift in Sources */,
				68ACE67E2680D8DA00AA9895 /* StoreErrorView.swift in Sources */,
			);
			runOnlyForDeploymentPostprocessing = 0;
		};
		68F77387267A43C400C3C670 /* Sources */ = {
			isa = PBXSourcesBuildPhase;
			buildActionMask = 2147483647;
			files = (
				68F77390267A43C400C3C670 /* Tests_iOS.swift in Sources */,
			);
			runOnlyForDeploymentPostprocessing = 0;
		};
		68F77391267A43C400C3C670 /* Sources */ = {
			isa = PBXSourcesBuildPhase;
			buildActionMask = 2147483647;
			files = (
				68F7739A267A43C400C3C670 /* Tests_macOS.swift in Sources */,
			);
			runOnlyForDeploymentPostprocessing = 0;
		};
/* End PBXSourcesBuildPhase section */

/* Begin PBXTargetDependency section */
		68F7738D267A43C400C3C670 /* PBXTargetDependency */ = {
			isa = PBXTargetDependency;
			target = 68F7737F267A43C400C3C670 /* StoreHelper (iOS) */;
			targetProxy = 68F7738C267A43C400C3C670 /* PBXContainerItemProxy */;
		};
		68F77397267A43C400C3C670 /* PBXTargetDependency */ = {
			isa = PBXTargetDependency;
			target = 68F77385267A43C400C3C670 /* StoreHelper (macOS) */;
			targetProxy = 68F77396267A43C400C3C670 /* PBXContainerItemProxy */;
		};
/* End PBXTargetDependency section */

/* Begin XCBuildConfiguration section */
		68F773A1267A43C400C3C670 /* Debug */ = {
			isa = XCBuildConfiguration;
			buildSettings = {
				ALWAYS_SEARCH_USER_PATHS = NO;
				CLANG_ANALYZER_NONNULL = YES;
				CLANG_ANALYZER_NUMBER_OBJECT_CONVERSION = YES_AGGRESSIVE;
				CLANG_CXX_LANGUAGE_STANDARD = "gnu++14";
				CLANG_CXX_LIBRARY = "libc++";
				CLANG_ENABLE_MODULES = YES;
				CLANG_ENABLE_OBJC_ARC = YES;
				CLANG_ENABLE_OBJC_WEAK = YES;
				CLANG_WARN_BLOCK_CAPTURE_AUTORELEASING = YES;
				CLANG_WARN_BOOL_CONVERSION = YES;
				CLANG_WARN_COMMA = YES;
				CLANG_WARN_CONSTANT_CONVERSION = YES;
				CLANG_WARN_DEPRECATED_OBJC_IMPLEMENTATIONS = YES;
				CLANG_WARN_DIRECT_OBJC_ISA_USAGE = YES_ERROR;
				CLANG_WARN_DOCUMENTATION_COMMENTS = YES;
				CLANG_WARN_EMPTY_BODY = YES;
				CLANG_WARN_ENUM_CONVERSION = YES;
				CLANG_WARN_INFINITE_RECURSION = YES;
				CLANG_WARN_INT_CONVERSION = YES;
				CLANG_WARN_NON_LITERAL_NULL_CONVERSION = YES;
				CLANG_WARN_OBJC_IMPLICIT_RETAIN_SELF = YES;
				CLANG_WARN_OBJC_LITERAL_CONVERSION = YES;
				CLANG_WARN_OBJC_ROOT_CLASS = YES_ERROR;
				CLANG_WARN_QUOTED_INCLUDE_IN_FRAMEWORK_HEADER = YES;
				CLANG_WARN_RANGE_LOOP_ANALYSIS = YES;
				CLANG_WARN_STRICT_PROTOTYPES = YES;
				CLANG_WARN_SUSPICIOUS_MOVE = YES;
				CLANG_WARN_UNGUARDED_AVAILABILITY = YES_AGGRESSIVE;
				CLANG_WARN_UNREACHABLE_CODE = YES;
				CLANG_WARN__DUPLICATE_METHOD_MATCH = YES;
				COPY_PHASE_STRIP = NO;
				DEBUG_INFORMATION_FORMAT = dwarf;
				ENABLE_STRICT_OBJC_MSGSEND = YES;
				ENABLE_TESTABILITY = YES;
				GCC_C_LANGUAGE_STANDARD = gnu11;
				GCC_DYNAMIC_NO_PIC = NO;
				GCC_NO_COMMON_BLOCKS = YES;
				GCC_OPTIMIZATION_LEVEL = 0;
				GCC_PREPROCESSOR_DEFINITIONS = (
					"DEBUG=1",
					"$(inherited)",
				);
				GCC_WARN_64_TO_32_BIT_CONVERSION = YES;
				GCC_WARN_ABOUT_RETURN_TYPE = YES_ERROR;
				GCC_WARN_UNDECLARED_SELECTOR = YES;
				GCC_WARN_UNINITIALIZED_AUTOS = YES_AGGRESSIVE;
				GCC_WARN_UNUSED_FUNCTION = YES;
				GCC_WARN_UNUSED_VARIABLE = YES;
				MTL_ENABLE_DEBUG_INFO = INCLUDE_SOURCE;
				MTL_FAST_MATH = YES;
				ONLY_ACTIVE_ARCH = YES;
				SWIFT_ACTIVE_COMPILATION_CONDITIONS = DEBUG;
				SWIFT_OPTIMIZATION_LEVEL = "-Onone";
			};
			name = Debug;
		};
		68F773A2267A43C400C3C670 /* Release */ = {
			isa = XCBuildConfiguration;
			buildSettings = {
				ALWAYS_SEARCH_USER_PATHS = NO;
				CLANG_ANALYZER_NONNULL = YES;
				CLANG_ANALYZER_NUMBER_OBJECT_CONVERSION = YES_AGGRESSIVE;
				CLANG_CXX_LANGUAGE_STANDARD = "gnu++14";
				CLANG_CXX_LIBRARY = "libc++";
				CLANG_ENABLE_MODULES = YES;
				CLANG_ENABLE_OBJC_ARC = YES;
				CLANG_ENABLE_OBJC_WEAK = YES;
				CLANG_WARN_BLOCK_CAPTURE_AUTORELEASING = YES;
				CLANG_WARN_BOOL_CONVERSION = YES;
				CLANG_WARN_COMMA = YES;
				CLANG_WARN_CONSTANT_CONVERSION = YES;
				CLANG_WARN_DEPRECATED_OBJC_IMPLEMENTATIONS = YES;
				CLANG_WARN_DIRECT_OBJC_ISA_USAGE = YES_ERROR;
				CLANG_WARN_DOCUMENTATION_COMMENTS = YES;
				CLANG_WARN_EMPTY_BODY = YES;
				CLANG_WARN_ENUM_CONVERSION = YES;
				CLANG_WARN_INFINITE_RECURSION = YES;
				CLANG_WARN_INT_CONVERSION = YES;
				CLANG_WARN_NON_LITERAL_NULL_CONVERSION = YES;
				CLANG_WARN_OBJC_IMPLICIT_RETAIN_SELF = YES;
				CLANG_WARN_OBJC_LITERAL_CONVERSION = YES;
				CLANG_WARN_OBJC_ROOT_CLASS = YES_ERROR;
				CLANG_WARN_QUOTED_INCLUDE_IN_FRAMEWORK_HEADER = YES;
				CLANG_WARN_RANGE_LOOP_ANALYSIS = YES;
				CLANG_WARN_STRICT_PROTOTYPES = YES;
				CLANG_WARN_SUSPICIOUS_MOVE = YES;
				CLANG_WARN_UNGUARDED_AVAILABILITY = YES_AGGRESSIVE;
				CLANG_WARN_UNREACHABLE_CODE = YES;
				CLANG_WARN__DUPLICATE_METHOD_MATCH = YES;
				COPY_PHASE_STRIP = NO;
				DEBUG_INFORMATION_FORMAT = "dwarf-with-dsym";
				ENABLE_NS_ASSERTIONS = NO;
				ENABLE_STRICT_OBJC_MSGSEND = YES;
				GCC_C_LANGUAGE_STANDARD = gnu11;
				GCC_NO_COMMON_BLOCKS = YES;
				GCC_WARN_64_TO_32_BIT_CONVERSION = YES;
				GCC_WARN_ABOUT_RETURN_TYPE = YES_ERROR;
				GCC_WARN_UNDECLARED_SELECTOR = YES;
				GCC_WARN_UNINITIALIZED_AUTOS = YES_AGGRESSIVE;
				GCC_WARN_UNUSED_FUNCTION = YES;
				GCC_WARN_UNUSED_VARIABLE = YES;
				MTL_ENABLE_DEBUG_INFO = NO;
				MTL_FAST_MATH = YES;
				SWIFT_COMPILATION_MODE = wholemodule;
				SWIFT_OPTIMIZATION_LEVEL = "-O";
			};
			name = Release;
		};
		68F773A4267A43C400C3C670 /* Debug */ = {
			isa = XCBuildConfiguration;
			buildSettings = {
				ASSETCATALOG_COMPILER_APPICON_NAME = AppIcon;
				ASSETCATALOG_COMPILER_GLOBAL_ACCENT_COLOR_NAME = AccentColor;
				CODE_SIGN_STYLE = Automatic;
				CURRENT_PROJECT_VERSION = 1;
				DEVELOPMENT_TEAM = R6BE99W3FU;
				ENABLE_PREVIEWS = YES;
				GENERATE_INFOPLIST_FILE = YES;
				INFOPLIST_KEY_UIApplicationSceneManifest_Generation = YES;
				INFOPLIST_KEY_UIApplicationSupportsIndirectInputEvents = YES;
				INFOPLIST_KEY_UILaunchScreen_Generation = YES;
				INFOPLIST_KEY_UISupportedInterfaceOrientations_iPad = "UIInterfaceOrientationPortrait UIInterfaceOrientationPortraitUpsideDown UIInterfaceOrientationLandscapeLeft UIInterfaceOrientationLandscapeRight";
				INFOPLIST_KEY_UISupportedInterfaceOrientations_iPhone = "UIInterfaceOrientationPortrait UIInterfaceOrientationLandscapeLeft UIInterfaceOrientationLandscapeRight";
				IPHONEOS_DEPLOYMENT_TARGET = 15.0;
				LD_RUNPATH_SEARCH_PATHS = (
					"$(inherited)",
					"@executable_path/Frameworks",
				);
				MARKETING_VERSION = 1.0;
				PRODUCT_BUNDLE_IDENTIFIER = com.rarcher.StoreHelper;
				PRODUCT_NAME = StoreHelper;
				SDKROOT = iphoneos;
				SWIFT_EMIT_LOC_STRINGS = YES;
				SWIFT_VERSION = 5.0;
				TARGETED_DEVICE_FAMILY = "1,2";
			};
			name = Debug;
		};
		68F773A5267A43C400C3C670 /* Release */ = {
			isa = XCBuildConfiguration;
			buildSettings = {
				ASSETCATALOG_COMPILER_APPICON_NAME = AppIcon;
				ASSETCATALOG_COMPILER_GLOBAL_ACCENT_COLOR_NAME = AccentColor;
				CODE_SIGN_STYLE = Automatic;
				CURRENT_PROJECT_VERSION = 1;
				DEVELOPMENT_TEAM = R6BE99W3FU;
				ENABLE_PREVIEWS = YES;
				GENERATE_INFOPLIST_FILE = YES;
				INFOPLIST_KEY_UIApplicationSceneManifest_Generation = YES;
				INFOPLIST_KEY_UIApplicationSupportsIndirectInputEvents = YES;
				INFOPLIST_KEY_UILaunchScreen_Generation = YES;
				INFOPLIST_KEY_UISupportedInterfaceOrientations_iPad = "UIInterfaceOrientationPortrait UIInterfaceOrientationPortraitUpsideDown UIInterfaceOrientationLandscapeLeft UIInterfaceOrientationLandscapeRight";
				INFOPLIST_KEY_UISupportedInterfaceOrientations_iPhone = "UIInterfaceOrientationPortrait UIInterfaceOrientationLandscapeLeft UIInterfaceOrientationLandscapeRight";
				IPHONEOS_DEPLOYMENT_TARGET = 15.0;
				LD_RUNPATH_SEARCH_PATHS = (
					"$(inherited)",
					"@executable_path/Frameworks",
				);
				MARKETING_VERSION = 1.0;
				PRODUCT_BUNDLE_IDENTIFIER = com.rarcher.StoreHelper;
				PRODUCT_NAME = StoreHelper;
				SDKROOT = iphoneos;
				SWIFT_EMIT_LOC_STRINGS = YES;
				SWIFT_VERSION = 5.0;
				TARGETED_DEVICE_FAMILY = "1,2";
				VALIDATE_PRODUCT = YES;
			};
			name = Release;
		};
		68F773A7267A43C400C3C670 /* Debug */ = {
			isa = XCBuildConfiguration;
			buildSettings = {
				ASSETCATALOG_COMPILER_APPICON_NAME = AppIcon;
				ASSETCATALOG_COMPILER_GLOBAL_ACCENT_COLOR_NAME = AccentColor;
				CODE_SIGN_IDENTITY = "-";
				CODE_SIGN_STYLE = Automatic;
				COMBINE_HIDPI_IMAGES = YES;
				CURRENT_PROJECT_VERSION = 1;
				DEVELOPMENT_TEAM = R6BE99W3FU;
				ENABLE_APP_SANDBOX = YES;
				ENABLE_HARDENED_RUNTIME = YES;
				ENABLE_PREVIEWS = YES;
				ENABLE_USER_SELECTED_FILES = readonly;
				GENERATE_INFOPLIST_FILE = YES;
				INFOPLIST_KEY_NSHumanReadableCopyright = "";
				LD_RUNPATH_SEARCH_PATHS = (
					"$(inherited)",
					"@executable_path/../Frameworks",
				);
				MACOSX_DEPLOYMENT_TARGET = 12.0;
				MARKETING_VERSION = 1.0;
				PRODUCT_BUNDLE_IDENTIFIER = com.rarcher.StoreHelper;
				PRODUCT_NAME = StoreHelper;
				SDKROOT = macosx;
				SWIFT_EMIT_LOC_STRINGS = YES;
				SWIFT_VERSION = 5.0;
			};
			name = Debug;
		};
		68F773A8267A43C400C3C670 /* Release */ = {
			isa = XCBuildConfiguration;
			buildSettings = {
				ASSETCATALOG_COMPILER_APPICON_NAME = AppIcon;
				ASSETCATALOG_COMPILER_GLOBAL_ACCENT_COLOR_NAME = AccentColor;
				CODE_SIGN_IDENTITY = "-";
				CODE_SIGN_STYLE = Automatic;
				COMBINE_HIDPI_IMAGES = YES;
				CURRENT_PROJECT_VERSION = 1;
				DEVELOPMENT_TEAM = R6BE99W3FU;
				ENABLE_APP_SANDBOX = YES;
				ENABLE_HARDENED_RUNTIME = YES;
				ENABLE_PREVIEWS = YES;
				ENABLE_USER_SELECTED_FILES = readonly;
				GENERATE_INFOPLIST_FILE = YES;
				INFOPLIST_KEY_NSHumanReadableCopyright = "";
				LD_RUNPATH_SEARCH_PATHS = (
					"$(inherited)",
					"@executable_path/../Frameworks",
				);
				MACOSX_DEPLOYMENT_TARGET = 12.0;
				MARKETING_VERSION = 1.0;
				PRODUCT_BUNDLE_IDENTIFIER = com.rarcher.StoreHelper;
				PRODUCT_NAME = StoreHelper;
				SDKROOT = macosx;
				SWIFT_EMIT_LOC_STRINGS = YES;
				SWIFT_VERSION = 5.0;
			};
			name = Release;
		};
		68F773AA267A43C400C3C670 /* Debug */ = {
			isa = XCBuildConfiguration;
			buildSettings = {
				ALWAYS_EMBED_SWIFT_STANDARD_LIBRARIES = YES;
				CODE_SIGN_STYLE = Automatic;
				CURRENT_PROJECT_VERSION = 1;
				DEVELOPMENT_TEAM = R6BE99W3FU;
				GENERATE_INFOPLIST_FILE = YES;
				IPHONEOS_DEPLOYMENT_TARGET = 15.0;
				LD_RUNPATH_SEARCH_PATHS = (
					"$(inherited)",
					"@executable_path/Frameworks",
					"@loader_path/Frameworks",
				);
				MARKETING_VERSION = 1.0;
				PRODUCT_BUNDLE_IDENTIFIER = "com.rarcher.Tests-iOS";
				PRODUCT_NAME = "$(TARGET_NAME)";
				SDKROOT = iphoneos;
				SWIFT_EMIT_LOC_STRINGS = NO;
				SWIFT_VERSION = 5.0;
				TARGETED_DEVICE_FAMILY = "1,2";
				TEST_TARGET_NAME = "StoreHelper (iOS)";
			};
			name = Debug;
		};
		68F773AB267A43C400C3C670 /* Release */ = {
			isa = XCBuildConfiguration;
			buildSettings = {
				ALWAYS_EMBED_SWIFT_STANDARD_LIBRARIES = YES;
				CODE_SIGN_STYLE = Automatic;
				CURRENT_PROJECT_VERSION = 1;
				DEVELOPMENT_TEAM = R6BE99W3FU;
				GENERATE_INFOPLIST_FILE = YES;
				IPHONEOS_DEPLOYMENT_TARGET = 15.0;
				LD_RUNPATH_SEARCH_PATHS = (
					"$(inherited)",
					"@executable_path/Frameworks",
					"@loader_path/Frameworks",
				);
				MARKETING_VERSION = 1.0;
				PRODUCT_BUNDLE_IDENTIFIER = "com.rarcher.Tests-iOS";
				PRODUCT_NAME = "$(TARGET_NAME)";
				SDKROOT = iphoneos;
				SWIFT_EMIT_LOC_STRINGS = NO;
				SWIFT_VERSION = 5.0;
				TARGETED_DEVICE_FAMILY = "1,2";
				TEST_TARGET_NAME = "StoreHelper (iOS)";
				VALIDATE_PRODUCT = YES;
			};
			name = Release;
		};
		68F773AD267A43C400C3C670 /* Debug */ = {
			isa = XCBuildConfiguration;
			buildSettings = {
				ALWAYS_EMBED_SWIFT_STANDARD_LIBRARIES = YES;
				CODE_SIGN_STYLE = Automatic;
				COMBINE_HIDPI_IMAGES = YES;
				CURRENT_PROJECT_VERSION = 1;
				DEVELOPMENT_TEAM = R6BE99W3FU;
				GENERATE_INFOPLIST_FILE = YES;
				LD_RUNPATH_SEARCH_PATHS = (
					"$(inherited)",
					"@executable_path/../Frameworks",
					"@loader_path/../Frameworks",
				);
				MACOSX_DEPLOYMENT_TARGET = 11.4;
				MARKETING_VERSION = 1.0;
				PRODUCT_BUNDLE_IDENTIFIER = "com.rarcher.Tests-macOS";
				PRODUCT_NAME = "$(TARGET_NAME)";
				SDKROOT = macosx;
				SWIFT_EMIT_LOC_STRINGS = NO;
				SWIFT_VERSION = 5.0;
				TEST_TARGET_NAME = "StoreHelper (macOS)";
			};
			name = Debug;
		};
		68F773AE267A43C400C3C670 /* Release */ = {
			isa = XCBuildConfiguration;
			buildSettings = {
				ALWAYS_EMBED_SWIFT_STANDARD_LIBRARIES = YES;
				CODE_SIGN_STYLE = Automatic;
				COMBINE_HIDPI_IMAGES = YES;
				CURRENT_PROJECT_VERSION = 1;
				DEVELOPMENT_TEAM = R6BE99W3FU;
				GENERATE_INFOPLIST_FILE = YES;
				LD_RUNPATH_SEARCH_PATHS = (
					"$(inherited)",
					"@executable_path/../Frameworks",
					"@loader_path/../Frameworks",
				);
				MACOSX_DEPLOYMENT_TARGET = 11.4;
				MARKETING_VERSION = 1.0;
				PRODUCT_BUNDLE_IDENTIFIER = "com.rarcher.Tests-macOS";
				PRODUCT_NAME = "$(TARGET_NAME)";
				SDKROOT = macosx;
				SWIFT_EMIT_LOC_STRINGS = NO;
				SWIFT_VERSION = 5.0;
				TEST_TARGET_NAME = "StoreHelper (macOS)";
			};
			name = Release;
		};
/* End XCBuildConfiguration section */

/* Begin XCConfigurationList section */
		68F77377267A43C300C3C670 /* Build configuration list for PBXProject "StoreHelper" */ = {
			isa = XCConfigurationList;
			buildConfigurations = (
				68F773A1267A43C400C3C670 /* Debug */,
				68F773A2267A43C400C3C670 /* Release */,
			);
			defaultConfigurationIsVisible = 0;
			defaultConfigurationName = Release;
		};
		68F773A3267A43C400C3C670 /* Build configuration list for PBXNativeTarget "StoreHelper (iOS)" */ = {
			isa = XCConfigurationList;
			buildConfigurations = (
				68F773A4267A43C400C3C670 /* Debug */,
				68F773A5267A43C400C3C670 /* Release */,
			);
			defaultConfigurationIsVisible = 0;
			defaultConfigurationName = Release;
		};
		68F773A6267A43C400C3C670 /* Build configuration list for PBXNativeTarget "StoreHelper (macOS)" */ = {
			isa = XCConfigurationList;
			buildConfigurations = (
				68F773A7267A43C400C3C670 /* Debug */,
				68F773A8267A43C400C3C670 /* Release */,
			);
			defaultConfigurationIsVisible = 0;
			defaultConfigurationName = Release;
		};
		68F773A9267A43C400C3C670 /* Build configuration list for PBXNativeTarget "Tests iOS" */ = {
			isa = XCConfigurationList;
			buildConfigurations = (
				68F773AA267A43C400C3C670 /* Debug */,
				68F773AB267A43C400C3C670 /* Release */,
			);
			defaultConfigurationIsVisible = 0;
			defaultConfigurationName = Release;
		};
		68F773AC267A43C400C3C670 /* Build configuration list for PBXNativeTarget "Tests macOS" */ = {
			isa = XCConfigurationList;
			buildConfigurations = (
				68F773AD267A43C400C3C670 /* Debug */,
				68F773AE267A43C400C3C670 /* Release */,
			);
			defaultConfigurationIsVisible = 0;
			defaultConfigurationName = Release;
		};
/* End XCConfigurationList section */

/* Begin XCRemoteSwiftPackageReference section */
		68187C4B26AF6FD6000321A1 /* XCRemoteSwiftPackageReference "swift-collections" */ = {
			isa = XCRemoteSwiftPackageReference;
			repositoryURL = "https://github.com/apple/swift-collections.git";
			requirement = {
				kind = upToNextMajorVersion;
				minimumVersion = 0.0.3;
			};
		};
/* End XCRemoteSwiftPackageReference section */

/* Begin XCSwiftPackageProductDependency section */
		68187C4C26AF6FD6000321A1 /* OrderedCollections */ = {
			isa = XCSwiftPackageProductDependency;
			package = 68187C4B26AF6FD6000321A1 /* XCRemoteSwiftPackageReference "swift-collections" */;
			productName = OrderedCollections;
		};
/* End XCSwiftPackageProductDependency section */
	};
	rootObject = 68F77374267A43C300C3C670 /* Project object */;
}
