// !$*UTF8*$!
{
	archiveVersion = 1;
	classes = {
	};
	objectVersion = 55;
	objects = {

/* Begin PBXBuildFile section */
		68187C4D26AF6FD6000321A1 /* OrderedCollections in Frameworks */ = {isa = PBXBuildFile; productRef = 68187C4C26AF6FD6000321A1 /* OrderedCollections */; };
		68187C5226AF776E000321A1 /* SubscriptionHelper.swift in Sources */ = {isa = PBXBuildFile; fileRef = 68187C5126AF776E000321A1 /* SubscriptionHelper.swift */; };
		6824DD2026A5ED5A00E44F35 /* PurchaseInfoView.swift in Sources */ = {isa = PBXBuildFile; fileRef = 6824DD1F26A5ED5A00E44F35 /* PurchaseInfoView.swift */; };
		6848F1F026AAF6730000F0AC /* ProductListView.swift in Sources */ = {isa = PBXBuildFile; fileRef = 6848F1EF26AAF6730000F0AC /* ProductListView.swift */; };
		6848F1F626AAF9C70000F0AC /* ProductListViewRow.swift in Sources */ = {isa = PBXBuildFile; fileRef = 6848F1F526AAF9C70000F0AC /* ProductListViewRow.swift */; };
		6866FAAE26BEC7F100FDA4C6 /* SubscriptionInfoView.swift in Sources */ = {isa = PBXBuildFile; fileRef = 6866FAAD26BEC7F100FDA4C6 /* SubscriptionInfoView.swift */; };
		6866FAB126BECA1600FDA4C6 /* SubscriptionInfoViewModel.swift in Sources */ = {isa = PBXBuildFile; fileRef = 6866FAB026BECA1600FDA4C6 /* SubscriptionInfoViewModel.swift */; };
		68706B872790583F00A31888 /* ProductInfoView.swift in Sources */ = {isa = PBXBuildFile; fileRef = 68706B862790583F00A31888 /* ProductInfoView.swift */; };
		68706B892790588400A31888 /* PurchaseInfoSheet.swift in Sources */ = {isa = PBXBuildFile; fileRef = 68706B882790588400A31888 /* PurchaseInfoSheet.swift */; };
		687273A92683749300C37D94 /* PriceViewModel.swift in Sources */ = {isa = PBXBuildFile; fileRef = 687273A82683749300C37D94 /* PriceViewModel.swift */; };
		688252C726BE953500892FB6 /* SubscriptionListViewRow.swift in Sources */ = {isa = PBXBuildFile; fileRef = 688252C626BE953500892FB6 /* SubscriptionListViewRow.swift */; };
		688252CA26BE9E1B00892FB6 /* SubscriptionView.swift in Sources */ = {isa = PBXBuildFile; fileRef = 688252C926BE9E1B00892FB6 /* SubscriptionView.swift */; };
		688252CD26BEA2D200892FB6 /* SubscriptionInfo.swift in Sources */ = {isa = PBXBuildFile; fileRef = 688252CC26BEA2D200892FB6 /* SubscriptionInfo.swift */; };
		689C72FB2784C38900355CBA /* PurchaseManagement.swift in Sources */ = {isa = PBXBuildFile; fileRef = 689C72FA2784C38900355CBA /* PurchaseManagement.swift */; };
		689EF8AA26A878FF00EAE26D /* ConsumableBadgeView.swift in Sources */ = {isa = PBXBuildFile; fileRef = 689EF8A926A878FF00EAE26D /* ConsumableBadgeView.swift */; };
		68A440CF26986F6D00D2408B /* KeychainHelper.swift in Sources */ = {isa = PBXBuildFile; fileRef = 68A440CE26986F6D00D2408B /* KeychainHelper.swift */; };
		68A440D2269897DD00D2408B /* ConsumableView.swift in Sources */ = {isa = PBXBuildFile; fileRef = 68A440D1269897DD00D2408B /* ConsumableView.swift */; };
		68ACE67D2680D8DA00AA9895 /* StoreErrorView.swift in Sources */ = {isa = PBXBuildFile; fileRef = 68ACE67C2680D8DA00AA9895 /* StoreErrorView.swift */; };
		68ACE6802680D90800AA9895 /* PurchaseButton.swift in Sources */ = {isa = PBXBuildFile; fileRef = 68ACE67F2680D90800AA9895 /* PurchaseButton.swift */; };
		68ACE6832680D92700AA9895 /* ProductView.swift in Sources */ = {isa = PBXBuildFile; fileRef = 68ACE6822680D92700AA9895 /* ProductView.swift */; };
		68ACE6862680D94300AA9895 /* PriceView.swift in Sources */ = {isa = PBXBuildFile; fileRef = 68ACE6852680D94300AA9895 /* PriceView.swift */; };
		68ACE6892680D95D00AA9895 /* BadgeView.swift in Sources */ = {isa = PBXBuildFile; fileRef = 68ACE6882680D95D00AA9895 /* BadgeView.swift */; };
		68C084BA26A8C017002EE9A0 /* PurchaseInfoViewModel.swift in Sources */ = {isa = PBXBuildFile; fileRef = 68C084B926A8C017002EE9A0 /* PurchaseInfoViewModel.swift */; };
		68C26AA02796E187001D47F7 /* ContentView.swift in Sources */ = {isa = PBXBuildFile; fileRef = 68C26A9F2796E187001D47F7 /* ContentView.swift */; };
		68CE0D8726B35F2700CE9CC4 /* PurchaseInfo.swift in Sources */ = {isa = PBXBuildFile; fileRef = 68CE0D8626B35F2700CE9CC4 /* PurchaseInfo.swift */; };
		68D7F2012770DCF5008EBC09 /* Purchases.swift in Sources */ = {isa = PBXBuildFile; fileRef = 68D7F2002770DCF5008EBC09 /* Purchases.swift */; };
		68D7F2052770DE14008EBC09 /* VersionInfo.swift in Sources */ = {isa = PBXBuildFile; fileRef = 68D7F2042770DE14008EBC09 /* VersionInfo.swift */; };
		68D7F2082770DE93008EBC09 /* BodyImage.swift in Sources */ = {isa = PBXBuildFile; fileRef = 68D7F2072770DE93008EBC09 /* BodyImage.swift */; };
		68D7F20C2770E10C008EBC09 /* AppStoreHelper.swift in Sources */ = {isa = PBXBuildFile; fileRef = 68D7F20B2770E10C008EBC09 /* AppStoreHelper.swift */; };
		68D7F20E2770E20A008EBC09 /* StoreConfiguration.swift in Sources */ = {isa = PBXBuildFile; fileRef = 68D7F20D2770E20A008EBC09 /* StoreConfiguration.swift */; };
		68D7F2142770E4F4008EBC09 /* StorageKey.swift in Sources */ = {isa = PBXBuildFile; fileRef = 68D7F2132770E4F4008EBC09 /* StorageKey.swift */; };
		68D7F2172771036D008EBC09 /* AppGroupSupport.swift in Sources */ = {isa = PBXBuildFile; fileRef = 68D7F2162771036D008EBC09 /* AppGroupSupport.swift */; };
		68D7F21927710612008EBC09 /* PropertyFile.swift in Sources */ = {isa = PBXBuildFile; fileRef = 68D7F21827710612008EBC09 /* PropertyFile.swift */; };
		68F493EE26B5BDC0002E3724 /* OptionsViewModel.swift in Sources */ = {isa = PBXBuildFile; fileRef = 68F493ED26B5BDC0002E3724 /* OptionsViewModel.swift */; };
		68F5C98B2794A1B00054B2B1 /* ProductPurchaseInfo.swift in Sources */ = {isa = PBXBuildFile; fileRef = 68F5C98A2794A1B00054B2B1 /* ProductPurchaseInfo.swift */; };
		68F5C98D2794A8330054B2B1 /* SubscriptionInfoSheet.swift in Sources */ = {isa = PBXBuildFile; fileRef = 68F5C98C2794A8330054B2B1 /* SubscriptionInfoSheet.swift */; };
		68F7739B267A43C400C3C670 /* StoreHelperApp.swift in Sources */ = {isa = PBXBuildFile; fileRef = 68F77379267A43C300C3C670 /* StoreHelperApp.swift */; };
		68F7739F267A43C400C3C670 /* Assets.xcassets in Resources */ = {isa = PBXBuildFile; fileRef = 68F7737B267A43C400C3C670 /* Assets.xcassets */; };
		68F773B9267A451E00C3C670 /* Products.plist in Resources */ = {isa = PBXBuildFile; fileRef = 68F773B8267A451E00C3C670 /* Products.plist */; };
		68F773BF267A462500C3C670 /* Products.storekit in Resources */ = {isa = PBXBuildFile; fileRef = 68F773BE267A462500C3C670 /* Products.storekit */; };
		68F773C6267A47E400C3C670 /* StoreConstants.swift in Sources */ = {isa = PBXBuildFile; fileRef = 68F773C5267A47E400C3C670 /* StoreConstants.swift */; };
		68F773C9267A481900C3C670 /* StoreLog.swift in Sources */ = {isa = PBXBuildFile; fileRef = 68F773C8267A481900C3C670 /* StoreLog.swift */; };
		68F773CC267A48AF00C3C670 /* StoreNotification.swift in Sources */ = {isa = PBXBuildFile; fileRef = 68F773CB267A48AF00C3C670 /* StoreNotification.swift */; };
		68F773CF267A494500C3C670 /* Utils.swift in Sources */ = {isa = PBXBuildFile; fileRef = 68F773CE267A494500C3C670 /* Utils.swift */; };
		68F773D2267A497000C3C670 /* StoreHelper.swift in Sources */ = {isa = PBXBuildFile; fileRef = 68F773D1267A497000C3C670 /* StoreHelper.swift */; };
		68F773D6267A4A3200C3C670 /* StoreKit.framework in Frameworks */ = {isa = PBXBuildFile; fileRef = 68F773D5267A4A3200C3C670 /* StoreKit.framework */; };
/* End PBXBuildFile section */

/* Begin PBXFileReference section */
		680B0CAE267CFE79007F7518 /* README.md */ = {isa = PBXFileReference; lastKnownFileType = net.daringfireball.markdown; path = README.md; sourceTree = "<group>"; xcLanguageSpecificationIdentifier = xcode.lang.markdown; };
		68187C5126AF776E000321A1 /* SubscriptionHelper.swift */ = {isa = PBXFileReference; lastKnownFileType = sourcecode.swift; path = SubscriptionHelper.swift; sourceTree = "<group>"; };
		6824DD1F26A5ED5A00E44F35 /* PurchaseInfoView.swift */ = {isa = PBXFileReference; lastKnownFileType = sourcecode.swift; path = PurchaseInfoView.swift; sourceTree = "<group>"; };
		6848F1EF26AAF6730000F0AC /* ProductListView.swift */ = {isa = PBXFileReference; lastKnownFileType = sourcecode.swift; path = ProductListView.swift; sourceTree = "<group>"; };
		6848F1F526AAF9C70000F0AC /* ProductListViewRow.swift */ = {isa = PBXFileReference; lastKnownFileType = sourcecode.swift; path = ProductListViewRow.swift; sourceTree = "<group>"; };
		6866FAAD26BEC7F100FDA4C6 /* SubscriptionInfoView.swift */ = {isa = PBXFileReference; lastKnownFileType = sourcecode.swift; path = SubscriptionInfoView.swift; sourceTree = "<group>"; };
		6866FAB026BECA1600FDA4C6 /* SubscriptionInfoViewModel.swift */ = {isa = PBXFileReference; lastKnownFileType = sourcecode.swift; path = SubscriptionInfoViewModel.swift; sourceTree = "<group>"; };
		68706B862790583F00A31888 /* ProductInfoView.swift */ = {isa = PBXFileReference; fileEncoding = 4; lastKnownFileType = sourcecode.swift; path = ProductInfoView.swift; sourceTree = "<group>"; };
		68706B882790588400A31888 /* PurchaseInfoSheet.swift */ = {isa = PBXFileReference; fileEncoding = 4; lastKnownFileType = sourcecode.swift; path = PurchaseInfoSheet.swift; sourceTree = "<group>"; };
		687273A82683749300C37D94 /* PriceViewModel.swift */ = {isa = PBXFileReference; lastKnownFileType = sourcecode.swift; path = PriceViewModel.swift; sourceTree = "<group>"; };
		688252C626BE953500892FB6 /* SubscriptionListViewRow.swift */ = {isa = PBXFileReference; lastKnownFileType = sourcecode.swift; path = SubscriptionListViewRow.swift; sourceTree = "<group>"; };
		688252C926BE9E1B00892FB6 /* SubscriptionView.swift */ = {isa = PBXFileReference; lastKnownFileType = sourcecode.swift; path = SubscriptionView.swift; sourceTree = "<group>"; };
		688252CC26BEA2D200892FB6 /* SubscriptionInfo.swift */ = {isa = PBXFileReference; lastKnownFileType = sourcecode.swift; path = SubscriptionInfo.swift; sourceTree = "<group>"; };
		689C72FA2784C38900355CBA /* PurchaseManagement.swift */ = {isa = PBXFileReference; fileEncoding = 4; lastKnownFileType = sourcecode.swift; path = PurchaseManagement.swift; sourceTree = "<group>"; };
		689EF8A926A878FF00EAE26D /* ConsumableBadgeView.swift */ = {isa = PBXFileReference; lastKnownFileType = sourcecode.swift; path = ConsumableBadgeView.swift; sourceTree = "<group>"; };
		68A440CE26986F6D00D2408B /* KeychainHelper.swift */ = {isa = PBXFileReference; lastKnownFileType = sourcecode.swift; path = KeychainHelper.swift; sourceTree = "<group>"; };
		68A440D1269897DD00D2408B /* ConsumableView.swift */ = {isa = PBXFileReference; fileEncoding = 4; lastKnownFileType = sourcecode.swift; path = ConsumableView.swift; sourceTree = "<group>"; };
		68ACE67C2680D8DA00AA9895 /* StoreErrorView.swift */ = {isa = PBXFileReference; lastKnownFileType = sourcecode.swift; path = StoreErrorView.swift; sourceTree = "<group>"; };
		68ACE67F2680D90800AA9895 /* PurchaseButton.swift */ = {isa = PBXFileReference; lastKnownFileType = sourcecode.swift; path = PurchaseButton.swift; sourceTree = "<group>"; };
		68ACE6822680D92700AA9895 /* ProductView.swift */ = {isa = PBXFileReference; lastKnownFileType = sourcecode.swift; path = ProductView.swift; sourceTree = "<group>"; };
		68ACE6852680D94300AA9895 /* PriceView.swift */ = {isa = PBXFileReference; lastKnownFileType = sourcecode.swift; path = PriceView.swift; sourceTree = "<group>"; };
		68ACE6882680D95D00AA9895 /* BadgeView.swift */ = {isa = PBXFileReference; lastKnownFileType = sourcecode.swift; path = BadgeView.swift; sourceTree = "<group>"; };
		68B1A30C26BAEACA00C3D1C5 /* StoreHelperDemo48.png */ = {isa = PBXFileReference; lastKnownFileType = image.png; path = StoreHelperDemo48.png; sourceTree = "<group>"; };
		68B1A30D26BAEACA00C3D1C5 /* StoreHelperDemo16.png */ = {isa = PBXFileReference; lastKnownFileType = image.png; path = StoreHelperDemo16.png; sourceTree = "<group>"; };
		68B1A30E26BAEACA00C3D1C5 /* StoreHelperDemo41.png */ = {isa = PBXFileReference; lastKnownFileType = image.png; path = StoreHelperDemo41.png; sourceTree = "<group>"; };
		68B1A30F26BAEACB00C3D1C5 /* StoreHelperDemo21.png */ = {isa = PBXFileReference; lastKnownFileType = image.png; path = StoreHelperDemo21.png; sourceTree = "<group>"; };
		68B1A31026BAEACB00C3D1C5 /* StoreHelperDemo7.png */ = {isa = PBXFileReference; lastKnownFileType = image.png; path = StoreHelperDemo7.png; sourceTree = "<group>"; };
		68B1A31126BAEACB00C3D1C5 /* StoreHelperDemo25.png */ = {isa = PBXFileReference; lastKnownFileType = image.png; path = StoreHelperDemo25.png; sourceTree = "<group>"; };
		68B1A31226BAEACB00C3D1C5 /* StoreHelperDemo35.png */ = {isa = PBXFileReference; lastKnownFileType = image.png; path = StoreHelperDemo35.png; sourceTree = "<group>"; };
		68B1A31326BAEACB00C3D1C5 /* StoreHelperDemo28.png */ = {isa = PBXFileReference; lastKnownFileType = image.png; path = StoreHelperDemo28.png; sourceTree = "<group>"; };
		68B1A31426BAEACB00C3D1C5 /* StoreHelperDemo31.png */ = {isa = PBXFileReference; lastKnownFileType = image.png; path = StoreHelperDemo31.png; sourceTree = "<group>"; };
		68B1A31526BAEACB00C3D1C5 /* StoreHelperDemo15.png */ = {isa = PBXFileReference; lastKnownFileType = image.png; path = StoreHelperDemo15.png; sourceTree = "<group>"; };
		68B1A31626BAEACB00C3D1C5 /* StoreHelperDemo43.png */ = {isa = PBXFileReference; lastKnownFileType = image.png; path = StoreHelperDemo43.png; sourceTree = "<group>"; };
		68B1A31726BAEACB00C3D1C5 /* StoreHelperDemo18.png */ = {isa = PBXFileReference; lastKnownFileType = image.png; path = StoreHelperDemo18.png; sourceTree = "<group>"; };
		68B1A31826BAEACB00C3D1C5 /* StoreHelperDemo37.png */ = {isa = PBXFileReference; lastKnownFileType = image.png; path = StoreHelperDemo37.png; sourceTree = "<group>"; };
		68B1A31926BAEACB00C3D1C5 /* StoreHelperDemo27.png */ = {isa = PBXFileReference; lastKnownFileType = image.png; path = StoreHelperDemo27.png; sourceTree = "<group>"; };
		68B1A31A26BAEACB00C3D1C5 /* StoreHelperDemo6.png */ = {isa = PBXFileReference; lastKnownFileType = image.png; path = StoreHelperDemo6.png; sourceTree = "<group>"; };
		68B1A31B26BAEACB00C3D1C5 /* StoreHelperDemo5.png */ = {isa = PBXFileReference; lastKnownFileType = image.png; path = StoreHelperDemo5.png; sourceTree = "<group>"; };
		68B1A31C26BAEACB00C3D1C5 /* StoreHelperDemo8.png */ = {isa = PBXFileReference; lastKnownFileType = image.png; path = StoreHelperDemo8.png; sourceTree = "<group>"; };
		68B1A31D26BAEACB00C3D1C5 /* StoreHelperDemo26.png */ = {isa = PBXFileReference; lastKnownFileType = image.png; path = StoreHelperDemo26.png; sourceTree = "<group>"; };
		68B1A31E26BAEACB00C3D1C5 /* StoreHelperDemo45.png */ = {isa = PBXFileReference; lastKnownFileType = image.png; path = StoreHelperDemo45.png; sourceTree = "<group>"; };
		68B1A31F26BAEACB00C3D1C5 /* StoreHelperDemo44.png */ = {isa = PBXFileReference; lastKnownFileType = image.png; path = StoreHelperDemo44.png; sourceTree = "<group>"; };
		68B1A32026BAEACB00C3D1C5 /* StoreHelperDemo23.png */ = {isa = PBXFileReference; lastKnownFileType = image.png; path = StoreHelperDemo23.png; sourceTree = "<group>"; };
		68B1A32126BAEACB00C3D1C5 /* StoreHelperDemo39.png */ = {isa = PBXFileReference; lastKnownFileType = image.png; path = StoreHelperDemo39.png; sourceTree = "<group>"; };
		68B1A32226BAEACB00C3D1C5 /* StoreHelperDemo12.png */ = {isa = PBXFileReference; lastKnownFileType = image.png; path = StoreHelperDemo12.png; sourceTree = "<group>"; };
		68B1A32326BAEACB00C3D1C5 /* StoreHelperDemo30.png */ = {isa = PBXFileReference; lastKnownFileType = image.png; path = StoreHelperDemo30.png; sourceTree = "<group>"; };
		68B1A32426BAEACB00C3D1C5 /* StoreHelperDemo19.png */ = {isa = PBXFileReference; lastKnownFileType = image.png; path = StoreHelperDemo19.png; sourceTree = "<group>"; };
		68B1A32526BAEACB00C3D1C5 /* StoreHelperDemo36.png */ = {isa = PBXFileReference; lastKnownFileType = image.png; path = StoreHelperDemo36.png; sourceTree = "<group>"; };
		68B1A32626BAEACB00C3D1C5 /* StoreHelperDemo42.png */ = {isa = PBXFileReference; lastKnownFileType = image.png; path = StoreHelperDemo42.png; sourceTree = "<group>"; };
		68B1A32726BAEACB00C3D1C5 /* StoreHelperDemo17.png */ = {isa = PBXFileReference; lastKnownFileType = image.png; path = StoreHelperDemo17.png; sourceTree = "<group>"; };
		68B1A32826BAEACB00C3D1C5 /* StoreHelperDemo11.png */ = {isa = PBXFileReference; lastKnownFileType = image.png; path = StoreHelperDemo11.png; sourceTree = "<group>"; };
		68B1A32926BAEACB00C3D1C5 /* StoreHelperDemo9.png */ = {isa = PBXFileReference; lastKnownFileType = image.png; path = StoreHelperDemo9.png; sourceTree = "<group>"; };
		68B1A32A26BAEACB00C3D1C5 /* StoreHelperDemo38.png */ = {isa = PBXFileReference; lastKnownFileType = image.png; path = StoreHelperDemo38.png; sourceTree = "<group>"; };
		68B1A32B26BAEACB00C3D1C5 /* StoreHelperDemo13.png */ = {isa = PBXFileReference; lastKnownFileType = image.png; path = StoreHelperDemo13.png; sourceTree = "<group>"; };
		68B1A32C26BAEACB00C3D1C5 /* StoreHelperDemo2.png */ = {isa = PBXFileReference; lastKnownFileType = image.png; path = StoreHelperDemo2.png; sourceTree = "<group>"; };
		68B1A32D26BAEACB00C3D1C5 /* StoreHelperDemo40.png */ = {isa = PBXFileReference; lastKnownFileType = image.png; path = StoreHelperDemo40.png; sourceTree = "<group>"; };
		68B1A32E26BAEACB00C3D1C5 /* StoreHelperDemo22.gif */ = {isa = PBXFileReference; lastKnownFileType = image.gif; path = StoreHelperDemo22.gif; sourceTree = "<group>"; };
		68B1A32F26BAEACB00C3D1C5 /* StoreHelperDemo4.png */ = {isa = PBXFileReference; lastKnownFileType = image.png; path = StoreHelperDemo4.png; sourceTree = "<group>"; };
		68B1A33026BAEACB00C3D1C5 /* StoreHelperDemo24.gif */ = {isa = PBXFileReference; lastKnownFileType = image.gif; path = StoreHelperDemo24.gif; sourceTree = "<group>"; };
		68B1A33126BAEACB00C3D1C5 /* StoreHelperDemo3.png */ = {isa = PBXFileReference; lastKnownFileType = image.png; path = StoreHelperDemo3.png; sourceTree = "<group>"; };
		68B1A33226BAEACB00C3D1C5 /* StoreHelperDemo47.png */ = {isa = PBXFileReference; lastKnownFileType = image.png; path = StoreHelperDemo47.png; sourceTree = "<group>"; };
		68B1A33326BAEACB00C3D1C5 /* StoreHelperDemo34.png */ = {isa = PBXFileReference; lastKnownFileType = image.png; path = StoreHelperDemo34.png; sourceTree = "<group>"; };
		68B1A33426BAEACB00C3D1C5 /* StoreHelperDemo29.png */ = {isa = PBXFileReference; lastKnownFileType = image.png; path = StoreHelperDemo29.png; sourceTree = "<group>"; };
		68B1A33526BAEACB00C3D1C5 /* StoreHelperDemo10.png */ = {isa = PBXFileReference; lastKnownFileType = image.png; path = StoreHelperDemo10.png; sourceTree = "<group>"; };
		68B1A33626BAEACB00C3D1C5 /* StoreHelperDemo46.png */ = {isa = PBXFileReference; lastKnownFileType = image.png; path = StoreHelperDemo46.png; sourceTree = "<group>"; };
		68B1A33726BAEACB00C3D1C5 /* StoreHelperDemo33.png */ = {isa = PBXFileReference; lastKnownFileType = image.png; path = StoreHelperDemo33.png; sourceTree = "<group>"; };
		68B1A33826BAEACB00C3D1C5 /* StoreHelperDemo1.png */ = {isa = PBXFileReference; lastKnownFileType = image.png; path = StoreHelperDemo1.png; sourceTree = "<group>"; };
		68B1A33926BAEACB00C3D1C5 /* StoreHelperDemo0.png */ = {isa = PBXFileReference; lastKnownFileType = image.png; path = StoreHelperDemo0.png; sourceTree = "<group>"; };
		68B1A33A26BAEACB00C3D1C5 /* StoreHelperDemo14.png */ = {isa = PBXFileReference; lastKnownFileType = image.png; path = StoreHelperDemo14.png; sourceTree = "<group>"; };
		68B1A33B26BAEACB00C3D1C5 /* StoreHelperDemo20.gif */ = {isa = PBXFileReference; lastKnownFileType = image.gif; path = StoreHelperDemo20.gif; sourceTree = "<group>"; };
		68B1A33C26BAEACB00C3D1C5 /* StoreHelperDemo32.png */ = {isa = PBXFileReference; lastKnownFileType = image.png; path = StoreHelperDemo32.png; sourceTree = "<group>"; };
		68C084B926A8C017002EE9A0 /* PurchaseInfoViewModel.swift */ = {isa = PBXFileReference; fileEncoding = 4; lastKnownFileType = sourcecode.swift; path = PurchaseInfoViewModel.swift; sourceTree = "<group>"; };
		68C26A9F2796E187001D47F7 /* ContentView.swift */ = {isa = PBXFileReference; lastKnownFileType = sourcecode.swift; path = ContentView.swift; sourceTree = "<group>"; };
		68CE0D8626B35F2700CE9CC4 /* PurchaseInfo.swift */ = {isa = PBXFileReference; lastKnownFileType = sourcecode.swift; path = PurchaseInfo.swift; sourceTree = "<group>"; };
		68D7F2002770DCF5008EBC09 /* Purchases.swift */ = {isa = PBXFileReference; lastKnownFileType = sourcecode.swift; path = Purchases.swift; sourceTree = "<group>"; };
		68D7F2042770DE14008EBC09 /* VersionInfo.swift */ = {isa = PBXFileReference; lastKnownFileType = sourcecode.swift; path = VersionInfo.swift; sourceTree = "<group>"; };
		68D7F2072770DE93008EBC09 /* BodyImage.swift */ = {isa = PBXFileReference; lastKnownFileType = sourcecode.swift; path = BodyImage.swift; sourceTree = "<group>"; };
		68D7F20B2770E10C008EBC09 /* AppStoreHelper.swift */ = {isa = PBXFileReference; fileEncoding = 4; lastKnownFileType = sourcecode.swift; path = AppStoreHelper.swift; sourceTree = "<group>"; };
		68D7F20D2770E20A008EBC09 /* StoreConfiguration.swift */ = {isa = PBXFileReference; fileEncoding = 4; lastKnownFileType = sourcecode.swift; path = StoreConfiguration.swift; sourceTree = "<group>"; };
		68D7F2132770E4F4008EBC09 /* StorageKey.swift */ = {isa = PBXFileReference; lastKnownFileType = sourcecode.swift; path = StorageKey.swift; sourceTree = "<group>"; };
		68D7F2162771036D008EBC09 /* AppGroupSupport.swift */ = {isa = PBXFileReference; fileEncoding = 4; lastKnownFileType = sourcecode.swift; path = AppGroupSupport.swift; sourceTree = "<group>"; };
		68D7F21827710612008EBC09 /* PropertyFile.swift */ = {isa = PBXFileReference; lastKnownFileType = sourcecode.swift; path = PropertyFile.swift; sourceTree = "<group>"; };
		68F493ED26B5BDC0002E3724 /* OptionsViewModel.swift */ = {isa = PBXFileReference; lastKnownFileType = sourcecode.swift; path = OptionsViewModel.swift; sourceTree = "<group>"; };
		68F5C98A2794A1B00054B2B1 /* ProductPurchaseInfo.swift */ = {isa = PBXFileReference; lastKnownFileType = sourcecode.swift; path = ProductPurchaseInfo.swift; sourceTree = "<group>"; };
		68F5C98C2794A8330054B2B1 /* SubscriptionInfoSheet.swift */ = {isa = PBXFileReference; lastKnownFileType = sourcecode.swift; path = SubscriptionInfoSheet.swift; sourceTree = "<group>"; };
		68F77379267A43C300C3C670 /* StoreHelperApp.swift */ = {isa = PBXFileReference; lastKnownFileType = sourcecode.swift; path = StoreHelperApp.swift; sourceTree = "<group>"; };
		68F7737B267A43C400C3C670 /* Assets.xcassets */ = {isa = PBXFileReference; lastKnownFileType = folder.assetcatalog; path = Assets.xcassets; sourceTree = "<group>"; };
		68F77380267A43C400C3C670 /* StoreHelper.app */ = {isa = PBXFileReference; explicitFileType = wrapper.application; includeInIndex = 0; path = StoreHelper.app; sourceTree = BUILT_PRODUCTS_DIR; };
		68F773B8267A451E00C3C670 /* Products.plist */ = {isa = PBXFileReference; lastKnownFileType = text.plist.xml; path = Products.plist; sourceTree = "<group>"; };
		68F773BE267A462500C3C670 /* Products.storekit */ = {isa = PBXFileReference; lastKnownFileType = text; path = Products.storekit; sourceTree = "<group>"; };
		68F773C5267A47E400C3C670 /* StoreConstants.swift */ = {isa = PBXFileReference; lastKnownFileType = sourcecode.swift; path = StoreConstants.swift; sourceTree = "<group>"; };
		68F773C8267A481900C3C670 /* StoreLog.swift */ = {isa = PBXFileReference; lastKnownFileType = sourcecode.swift; path = StoreLog.swift; sourceTree = "<group>"; };
		68F773CB267A48AF00C3C670 /* StoreNotification.swift */ = {isa = PBXFileReference; lastKnownFileType = sourcecode.swift; path = StoreNotification.swift; sourceTree = "<group>"; };
		68F773CE267A494500C3C670 /* Utils.swift */ = {isa = PBXFileReference; lastKnownFileType = sourcecode.swift; path = Utils.swift; sourceTree = "<group>"; };
		68F773D1267A497000C3C670 /* StoreHelper.swift */ = {isa = PBXFileReference; lastKnownFileType = sourcecode.swift; path = StoreHelper.swift; sourceTree = "<group>"; };
		68F773D5267A4A3200C3C670 /* StoreKit.framework */ = {isa = PBXFileReference; lastKnownFileType = wrapper.framework; name = StoreKit.framework; path = Platforms/iPhoneOS.platform/Developer/SDKs/iPhoneOS15.0.sdk/System/Library/Frameworks/StoreKit.framework; sourceTree = DEVELOPER_DIR; };
		68F773D7267A4A4400C3C670 /* StoreKit.framework */ = {isa = PBXFileReference; lastKnownFileType = wrapper.framework; name = StoreKit.framework; path = System/Library/Frameworks/StoreKit.framework; sourceTree = SDKROOT; };
/* End PBXFileReference section */

/* Begin PBXFrameworksBuildPhase section */
		68F7737D267A43C400C3C670 /* Frameworks */ = {
			isa = PBXFrameworksBuildPhase;
			buildActionMask = 2147483647;
			files = (
				68187C4D26AF6FD6000321A1 /* OrderedCollections in Frameworks */,
				68F773D6267A4A3200C3C670 /* StoreKit.framework in Frameworks */,
			);
			runOnlyForDeploymentPostprocessing = 0;
		};
/* End PBXFrameworksBuildPhase section */

/* Begin PBXGroup section */
		680B0CAF267CFE7E007F7518 /* readme-assets */ = {
			isa = PBXGroup;
			children = (
				68B1A33926BAEACB00C3D1C5 /* StoreHelperDemo0.png */,
				68B1A33826BAEACB00C3D1C5 /* StoreHelperDemo1.png */,
				68B1A32C26BAEACB00C3D1C5 /* StoreHelperDemo2.png */,
				68B1A33126BAEACB00C3D1C5 /* StoreHelperDemo3.png */,
				68B1A32F26BAEACB00C3D1C5 /* StoreHelperDemo4.png */,
				68B1A31B26BAEACB00C3D1C5 /* StoreHelperDemo5.png */,
				68B1A31A26BAEACB00C3D1C5 /* StoreHelperDemo6.png */,
				68B1A31026BAEACB00C3D1C5 /* StoreHelperDemo7.png */,
				68B1A31C26BAEACB00C3D1C5 /* StoreHelperDemo8.png */,
				68B1A32926BAEACB00C3D1C5 /* StoreHelperDemo9.png */,
				68B1A33526BAEACB00C3D1C5 /* StoreHelperDemo10.png */,
				68B1A32826BAEACB00C3D1C5 /* StoreHelperDemo11.png */,
				68B1A32226BAEACB00C3D1C5 /* StoreHelperDemo12.png */,
				68B1A32B26BAEACB00C3D1C5 /* StoreHelperDemo13.png */,
				68B1A33A26BAEACB00C3D1C5 /* StoreHelperDemo14.png */,
				68B1A31526BAEACB00C3D1C5 /* StoreHelperDemo15.png */,
				68B1A30D26BAEACA00C3D1C5 /* StoreHelperDemo16.png */,
				68B1A32726BAEACB00C3D1C5 /* StoreHelperDemo17.png */,
				68B1A31726BAEACB00C3D1C5 /* StoreHelperDemo18.png */,
				68B1A32426BAEACB00C3D1C5 /* StoreHelperDemo19.png */,
				68B1A33B26BAEACB00C3D1C5 /* StoreHelperDemo20.gif */,
				68B1A30F26BAEACB00C3D1C5 /* StoreHelperDemo21.png */,
				68B1A32E26BAEACB00C3D1C5 /* StoreHelperDemo22.gif */,
				68B1A32026BAEACB00C3D1C5 /* StoreHelperDemo23.png */,
				68B1A33026BAEACB00C3D1C5 /* StoreHelperDemo24.gif */,
				68B1A31126BAEACB00C3D1C5 /* StoreHelperDemo25.png */,
				68B1A31D26BAEACB00C3D1C5 /* StoreHelperDemo26.png */,
				68B1A31926BAEACB00C3D1C5 /* StoreHelperDemo27.png */,
				68B1A31326BAEACB00C3D1C5 /* StoreHelperDemo28.png */,
				68B1A33426BAEACB00C3D1C5 /* StoreHelperDemo29.png */,
				68B1A32326BAEACB00C3D1C5 /* StoreHelperDemo30.png */,
				68B1A31426BAEACB00C3D1C5 /* StoreHelperDemo31.png */,
				68B1A33C26BAEACB00C3D1C5 /* StoreHelperDemo32.png */,
				68B1A33726BAEACB00C3D1C5 /* StoreHelperDemo33.png */,
				68B1A33326BAEACB00C3D1C5 /* StoreHelperDemo34.png */,
				68B1A31226BAEACB00C3D1C5 /* StoreHelperDemo35.png */,
				68B1A32526BAEACB00C3D1C5 /* StoreHelperDemo36.png */,
				68B1A31826BAEACB00C3D1C5 /* StoreHelperDemo37.png */,
				68B1A32A26BAEACB00C3D1C5 /* StoreHelperDemo38.png */,
				68B1A32126BAEACB00C3D1C5 /* StoreHelperDemo39.png */,
				68B1A32D26BAEACB00C3D1C5 /* StoreHelperDemo40.png */,
				68B1A30E26BAEACA00C3D1C5 /* StoreHelperDemo41.png */,
				68B1A32626BAEACB00C3D1C5 /* StoreHelperDemo42.png */,
				68B1A31626BAEACB00C3D1C5 /* StoreHelperDemo43.png */,
				68B1A31F26BAEACB00C3D1C5 /* StoreHelperDemo44.png */,
				68B1A31E26BAEACB00C3D1C5 /* StoreHelperDemo45.png */,
				68B1A33626BAEACB00C3D1C5 /* StoreHelperDemo46.png */,
				68B1A33226BAEACB00C3D1C5 /* StoreHelperDemo47.png */,
				68B1A30C26BAEACA00C3D1C5 /* StoreHelperDemo48.png */,
			);
			path = "readme-assets";
			sourceTree = "<group>";
		};
		687273A72683744E00C37D94 /* ViewModels */ = {
			isa = PBXGroup;
			children = (
				68F493ED26B5BDC0002E3724 /* OptionsViewModel.swift */,
				687273A82683749300C37D94 /* PriceViewModel.swift */,
				68C084B926A8C017002EE9A0 /* PurchaseInfoViewModel.swift */,
				6866FAB026BECA1600FDA4C6 /* SubscriptionInfoViewModel.swift */,
			);
			path = ViewModels;
			sourceTree = "<group>";
		};
		68D7F1FE2770DC87008EBC09 /* iOS */ = {
			isa = PBXGroup;
			children = (
				68D7F1FF2770DC92008EBC09 /* Views */,
			);
			path = iOS;
			sourceTree = "<group>";
		};
		68D7F1FF2770DC92008EBC09 /* Views */ = {
			isa = PBXGroup;
			children = (
				68C26A9F2796E187001D47F7 /* ContentView.swift */,
				68F5C98A2794A1B00054B2B1 /* ProductPurchaseInfo.swift */,
			);
			path = Views;
			sourceTree = "<group>";
		};
		68D7F2032770DDF8008EBC09 /* Views */ = {
			isa = PBXGroup;
			children = (
				68D7F2042770DE14008EBC09 /* VersionInfo.swift */,
			);
			path = Views;
			sourceTree = "<group>";
		};
		68D7F2062770DE85008EBC09 /* Styles */ = {
			isa = PBXGroup;
			children = (
				68D7F2072770DE93008EBC09 /* BodyImage.swift */,
			);
			path = Styles;
			sourceTree = "<group>";
		};
		68D7F2092770DEEB008EBC09 /* StoreHelper */ = {
			isa = PBXGroup;
			children = (
				68D7F2162771036D008EBC09 /* AppGroupSupport.swift */,
				68D7F20B2770E10C008EBC09 /* AppStoreHelper.swift */,
				68A440CE26986F6D00D2408B /* KeychainHelper.swift */,
				68CE0D8626B35F2700CE9CC4 /* PurchaseInfo.swift */,
				68F773C5267A47E400C3C670 /* StoreConstants.swift */,
				68F773D1267A497000C3C670 /* StoreHelper.swift */,
				68F773C8267A481900C3C670 /* StoreLog.swift */,
				68F773CB267A48AF00C3C670 /* StoreNotification.swift */,
				68187C5126AF776E000321A1 /* SubscriptionHelper.swift */,
				688252CC26BEA2D200892FB6 /* SubscriptionInfo.swift */,
			);
			path = StoreHelper;
			sourceTree = "<group>";
		};
		68D7F20A2770DF94008EBC09 /* Util */ = {
			isa = PBXGroup;
			children = (
				68F7737B267A43C400C3C670 /* Assets.xcassets */,
				68D7F21827710612008EBC09 /* PropertyFile.swift */,
				68D7F2132770E4F4008EBC09 /* StorageKey.swift */,
				68F77379267A43C300C3C670 /* StoreHelperApp.swift */,
			);
			path = Util;
			sourceTree = "<group>";
		};
		68F77373267A43C300C3C670 = {
			isa = PBXGroup;
			children = (
				680B0CAE267CFE79007F7518 /* README.md */,
				680B0CAF267CFE7E007F7518 /* readme-assets */,
				68D7F1FE2770DC87008EBC09 /* iOS */,
				68F77378267A43C300C3C670 /* Shared */,
				68F77381267A43C400C3C670 /* Products */,
				68F773D4267A4A3200C3C670 /* Frameworks */,
			);
			sourceTree = "<group>";
		};
		68F77378267A43C300C3C670 /* Shared */ = {
			isa = PBXGroup;
			children = (
				68D7F2062770DE85008EBC09 /* Styles */,
				68D7F2032770DDF8008EBC09 /* Views */,
				68F773C4267A47B300C3C670 /* StoreHelper */,
				68D7F20A2770DF94008EBC09 /* Util */,
			);
			path = Shared;
			sourceTree = "<group>";
		};
		68F77381267A43C400C3C670 /* Products */ = {
			isa = PBXGroup;
			children = (
				68F77380267A43C400C3C670 /* StoreHelper.app */,
			);
			name = Products;
			sourceTree = "<group>";
		};
		68F773B5267A442700C3C670 /* Support */ = {
			isa = PBXGroup;
			children = (
				68F773CE267A494500C3C670 /* Utils.swift */,
			);
			path = Support;
			sourceTree = "<group>";
		};
		68F773B6267A444000C3C670 /* Views */ = {
			isa = PBXGroup;
			children = (
				68ACE6882680D95D00AA9895 /* BadgeView.swift */,
				689EF8A926A878FF00EAE26D /* ConsumableBadgeView.swift */,
				68A440D1269897DD00D2408B /* ConsumableView.swift */,
				68ACE6852680D94300AA9895 /* PriceView.swift */,
				68706B862790583F00A31888 /* ProductInfoView.swift */,
				6848F1EF26AAF6730000F0AC /* ProductListView.swift */,
				6848F1F526AAF9C70000F0AC /* ProductListViewRow.swift */,
				68ACE6822680D92700AA9895 /* ProductView.swift */,
				68ACE67F2680D90800AA9895 /* PurchaseButton.swift */,
				68706B882790588400A31888 /* PurchaseInfoSheet.swift */,
				6824DD1F26A5ED5A00E44F35 /* PurchaseInfoView.swift */,
				689C72FA2784C38900355CBA /* PurchaseManagement.swift */,
				68D7F2002770DCF5008EBC09 /* Purchases.swift */,
				68ACE67C2680D8DA00AA9895 /* StoreErrorView.swift */,
				68F5C98C2794A8330054B2B1 /* SubscriptionInfoSheet.swift */,
				6866FAAD26BEC7F100FDA4C6 /* SubscriptionInfoView.swift */,
				688252C626BE953500892FB6 /* SubscriptionListViewRow.swift */,
				688252C926BE9E1B00892FB6 /* SubscriptionView.swift */,
			);
			path = Views;
			sourceTree = "<group>";
		};
		68F773B7267A44D000C3C670 /* Configuration */ = {
			isa = PBXGroup;
			children = (
				68F773B8267A451E00C3C670 /* Products.plist */,
				68F773BE267A462500C3C670 /* Products.storekit */,
				68D7F20D2770E20A008EBC09 /* StoreConfiguration.swift */,
			);
			path = Configuration;
			sourceTree = "<group>";
		};
		68F773C4267A47B300C3C670 /* StoreHelper */ = {
			isa = PBXGroup;
			children = (
				68F773B7267A44D000C3C670 /* Configuration */,
				68D7F2092770DEEB008EBC09 /* StoreHelper */,
				68F773B5267A442700C3C670 /* Support */,
				687273A72683744E00C37D94 /* ViewModels */,
				68F773B6267A444000C3C670 /* Views */,
			);
			path = StoreHelper;
			sourceTree = "<group>";
		};
		68F773D4267A4A3200C3C670 /* Frameworks */ = {
			isa = PBXGroup;
			children = (
				68F773D7267A4A4400C3C670 /* StoreKit.framework */,
				68F773D5267A4A3200C3C670 /* StoreKit.framework */,
			);
			name = Frameworks;
			sourceTree = "<group>";
		};
/* End PBXGroup section */

/* Begin PBXNativeTarget section */
		68F7737F267A43C400C3C670 /* StoreHelper (iOS) */ = {
			isa = PBXNativeTarget;
			buildConfigurationList = 68F773A3267A43C400C3C670 /* Build configuration list for PBXNativeTarget "StoreHelper (iOS)" */;
			buildPhases = (
				68F7737C267A43C400C3C670 /* Sources */,
				68F7737D267A43C400C3C670 /* Frameworks */,
				68F7737E267A43C400C3C670 /* Resources */,
			);
			buildRules = (
			);
			dependencies = (
			);
			name = "StoreHelper (iOS)";
			packageProductDependencies = (
				68187C4C26AF6FD6000321A1 /* OrderedCollections */,
			);
			productName = "StoreHelper (iOS)";
			productReference = 68F77380267A43C400C3C670 /* StoreHelper.app */;
			productType = "com.apple.product-type.application";
		};
/* End PBXNativeTarget section */

/* Begin PBXProject section */
		68F77374267A43C300C3C670 /* Project object */ = {
			isa = PBXProject;
			attributes = {
				BuildIndependentTargetsInParallel = 1;
				LastSwiftUpdateCheck = 1300;
				LastUpgradeCheck = 1300;
				TargetAttributes = {
					68F7737F267A43C400C3C670 = {
						CreatedOnToolsVersion = 13.0;
					};
				};
			};
			buildConfigurationList = 68F77377267A43C300C3C670 /* Build configuration list for PBXProject "StoreHelper" */;
			compatibilityVersion = "Xcode 13.0";
			developmentRegion = en;
			hasScannedForEncodings = 0;
			knownRegions = (
				en,
				Base,
			);
			mainGroup = 68F77373267A43C300C3C670;
			packageReferences = (
				68187C4B26AF6FD6000321A1 /* XCRemoteSwiftPackageReference "swift-collections" */,
			);
			productRefGroup = 68F77381267A43C400C3C670 /* Products */;
			projectDirPath = "";
			projectRoot = "";
			targets = (
				68F7737F267A43C400C3C670 /* StoreHelper (iOS) */,
			);
		};
/* End PBXProject section */

/* Begin PBXResourcesBuildPhase section */
		68F7737E267A43C400C3C670 /* Resources */ = {
			isa = PBXResourcesBuildPhase;
			buildActionMask = 2147483647;
			files = (
				68F773B9267A451E00C3C670 /* Products.plist in Resources */,
				68F773BF267A462500C3C670 /* Products.storekit in Resources */,
				68F7739F267A43C400C3C670 /* Assets.xcassets in Resources */,
			);
			runOnlyForDeploymentPostprocessing = 0;
		};
/* End PBXResourcesBuildPhase section */

/* Begin PBXSourcesBuildPhase section */
		68F7737C267A43C400C3C670 /* Sources */ = {
			isa = PBXSourcesBuildPhase;
			buildActionMask = 2147483647;
			files = (
				688252C726BE953500892FB6 /* SubscriptionListViewRow.swift in Sources */,
				6848F1F026AAF6730000F0AC /* ProductListView.swift in Sources */,
				68D7F2082770DE93008EBC09 /* BodyImage.swift in Sources */,
				68F773C9267A481900C3C670 /* StoreLog.swift in Sources */,
				68F773CC267A48AF00C3C670 /* StoreNotification.swift in Sources */,
				68D7F2052770DE14008EBC09 /* VersionInfo.swift in Sources */,
				68F773D2267A497000C3C670 /* StoreHelper.swift in Sources */,
				68187C5226AF776E000321A1 /* SubscriptionHelper.swift in Sources */,
				68F773C6267A47E400C3C670 /* StoreConstants.swift in Sources */,
				687273A92683749300C37D94 /* PriceViewModel.swift in Sources */,
				68C084BA26A8C017002EE9A0 /* PurchaseInfoViewModel.swift in Sources */,
				68F7739B267A43C400C3C670 /* StoreHelperApp.swift in Sources */,
				68ACE6832680D92700AA9895 /* ProductView.swift in Sources */,
				689EF8AA26A878FF00EAE26D /* ConsumableBadgeView.swift in Sources */,
				688252CD26BEA2D200892FB6 /* SubscriptionInfo.swift in Sources */,
				68F5C98B2794A1B00054B2B1 /* ProductPurchaseInfo.swift in Sources */,
				68F5C98D2794A8330054B2B1 /* SubscriptionInfoSheet.swift in Sources */,
				68706B872790583F00A31888 /* ProductInfoView.swift in Sources */,
				68ACE6862680D94300AA9895 /* PriceView.swift in Sources */,
				68F493EE26B5BDC0002E3724 /* OptionsViewModel.swift in Sources */,
				68D7F2012770DCF5008EBC09 /* Purchases.swift in Sources */,
				6824DD2026A5ED5A00E44F35 /* PurchaseInfoView.swift in Sources */,
				689C72FB2784C38900355CBA /* PurchaseManagement.swift in Sources */,
				68D7F2172771036D008EBC09 /* AppGroupSupport.swift in Sources */,
				68CE0D8726B35F2700CE9CC4 /* PurchaseInfo.swift in Sources */,
				68F773CF267A494500C3C670 /* Utils.swift in Sources */,
				68706B892790588400A31888 /* PurchaseInfoSheet.swift in Sources */,
				68C26AA02796E187001D47F7 /* ContentView.swift in Sources */,
				6866FAB126BECA1600FDA4C6 /* SubscriptionInfoViewModel.swift in Sources */,
				68D7F20C2770E10C008EBC09 /* AppStoreHelper.swift in Sources */,
				68D7F20E2770E20A008EBC09 /* StoreConfiguration.swift in Sources */,
				68D7F2142770E4F4008EBC09 /* StorageKey.swift in Sources */,
				6866FAAE26BEC7F100FDA4C6 /* SubscriptionInfoView.swift in Sources */,
				68A440D2269897DD00D2408B /* ConsumableView.swift in Sources */,
				6848F1F626AAF9C70000F0AC /* ProductListViewRow.swift in Sources */,
				68D7F21927710612008EBC09 /* PropertyFile.swift in Sources */,
				688252CA26BE9E1B00892FB6 /* SubscriptionView.swift in Sources */,
				68ACE6802680D90800AA9895 /* PurchaseButton.swift in Sources */,
				68ACE6892680D95D00AA9895 /* BadgeView.swift in Sources */,
				68A440CF26986F6D00D2408B /* KeychainHelper.swift in Sources */,
				68ACE67D2680D8DA00AA9895 /* StoreErrorView.swift in Sources */,
			);
			runOnlyForDeploymentPostprocessing = 0;
		};
/* End PBXSourcesBuildPhase section */

/* Begin XCBuildConfiguration section */
		68F773A1267A43C400C3C670 /* Debug */ = {
			isa = XCBuildConfiguration;
			buildSettings = {
				ALWAYS_SEARCH_USER_PATHS = NO;
				CLANG_ANALYZER_NONNULL = YES;
				CLANG_ANALYZER_NUMBER_OBJECT_CONVERSION = YES_AGGRESSIVE;
				CLANG_CXX_LANGUAGE_STANDARD = "gnu++14";
				CLANG_CXX_LIBRARY = "libc++";
				CLANG_ENABLE_MODULES = YES;
				CLANG_ENABLE_OBJC_ARC = YES;
				CLANG_ENABLE_OBJC_WEAK = YES;
				CLANG_WARN_BLOCK_CAPTURE_AUTORELEASING = YES;
				CLANG_WARN_BOOL_CONVERSION = YES;
				CLANG_WARN_COMMA = YES;
				CLANG_WARN_CONSTANT_CONVERSION = YES;
				CLANG_WARN_DEPRECATED_OBJC_IMPLEMENTATIONS = YES;
				CLANG_WARN_DIRECT_OBJC_ISA_USAGE = YES_ERROR;
				CLANG_WARN_DOCUMENTATION_COMMENTS = YES;
				CLANG_WARN_EMPTY_BODY = YES;
				CLANG_WARN_ENUM_CONVERSION = YES;
				CLANG_WARN_INFINITE_RECURSION = YES;
				CLANG_WARN_INT_CONVERSION = YES;
				CLANG_WARN_NON_LITERAL_NULL_CONVERSION = YES;
				CLANG_WARN_OBJC_IMPLICIT_RETAIN_SELF = YES;
				CLANG_WARN_OBJC_LITERAL_CONVERSION = YES;
				CLANG_WARN_OBJC_ROOT_CLASS = YES_ERROR;
				CLANG_WARN_QUOTED_INCLUDE_IN_FRAMEWORK_HEADER = YES;
				CLANG_WARN_RANGE_LOOP_ANALYSIS = YES;
				CLANG_WARN_STRICT_PROTOTYPES = YES;
				CLANG_WARN_SUSPICIOUS_MOVE = YES;
				CLANG_WARN_UNGUARDED_AVAILABILITY = YES_AGGRESSIVE;
				CLANG_WARN_UNREACHABLE_CODE = YES;
				CLANG_WARN__DUPLICATE_METHOD_MATCH = YES;
				COPY_PHASE_STRIP = NO;
				DEBUG_INFORMATION_FORMAT = dwarf;
				ENABLE_STRICT_OBJC_MSGSEND = YES;
				ENABLE_TESTABILITY = YES;
				GCC_C_LANGUAGE_STANDARD = gnu11;
				GCC_DYNAMIC_NO_PIC = NO;
				GCC_NO_COMMON_BLOCKS = YES;
				GCC_OPTIMIZATION_LEVEL = 0;
				GCC_PREPROCESSOR_DEFINITIONS = (
					"DEBUG=1",
					"$(inherited)",
				);
				GCC_WARN_64_TO_32_BIT_CONVERSION = YES;
				GCC_WARN_ABOUT_RETURN_TYPE = YES_ERROR;
				GCC_WARN_UNDECLARED_SELECTOR = YES;
				GCC_WARN_UNINITIALIZED_AUTOS = YES_AGGRESSIVE;
				GCC_WARN_UNUSED_FUNCTION = YES;
				GCC_WARN_UNUSED_VARIABLE = YES;
				MTL_ENABLE_DEBUG_INFO = INCLUDE_SOURCE;
				MTL_FAST_MATH = YES;
				ONLY_ACTIVE_ARCH = YES;
				SWIFT_ACTIVE_COMPILATION_CONDITIONS = DEBUG;
				SWIFT_OPTIMIZATION_LEVEL = "-Onone";
			};
			name = Debug;
		};
		68F773A2267A43C400C3C670 /* Release */ = {
			isa = XCBuildConfiguration;
			buildSettings = {
				ALWAYS_SEARCH_USER_PATHS = NO;
				CLANG_ANALYZER_NONNULL = YES;
				CLANG_ANALYZER_NUMBER_OBJECT_CONVERSION = YES_AGGRESSIVE;
				CLANG_CXX_LANGUAGE_STANDARD = "gnu++14";
				CLANG_CXX_LIBRARY = "libc++";
				CLANG_ENABLE_MODULES = YES;
				CLANG_ENABLE_OBJC_ARC = YES;
				CLANG_ENABLE_OBJC_WEAK = YES;
				CLANG_WARN_BLOCK_CAPTURE_AUTORELEASING = YES;
				CLANG_WARN_BOOL_CONVERSION = YES;
				CLANG_WARN_COMMA = YES;
				CLANG_WARN_CONSTANT_CONVERSION = YES;
				CLANG_WARN_DEPRECATED_OBJC_IMPLEMENTATIONS = YES;
				CLANG_WARN_DIRECT_OBJC_ISA_USAGE = YES_ERROR;
				CLANG_WARN_DOCUMENTATION_COMMENTS = YES;
				CLANG_WARN_EMPTY_BODY = YES;
				CLANG_WARN_ENUM_CONVERSION = YES;
				CLANG_WARN_INFINITE_RECURSION = YES;
				CLANG_WARN_INT_CONVERSION = YES;
				CLANG_WARN_NON_LITERAL_NULL_CONVERSION = YES;
				CLANG_WARN_OBJC_IMPLICIT_RETAIN_SELF = YES;
				CLANG_WARN_OBJC_LITERAL_CONVERSION = YES;
				CLANG_WARN_OBJC_ROOT_CLASS = YES_ERROR;
				CLANG_WARN_QUOTED_INCLUDE_IN_FRAMEWORK_HEADER = YES;
				CLANG_WARN_RANGE_LOOP_ANALYSIS = YES;
				CLANG_WARN_STRICT_PROTOTYPES = YES;
				CLANG_WARN_SUSPICIOUS_MOVE = YES;
				CLANG_WARN_UNGUARDED_AVAILABILITY = YES_AGGRESSIVE;
				CLANG_WARN_UNREACHABLE_CODE = YES;
				CLANG_WARN__DUPLICATE_METHOD_MATCH = YES;
				COPY_PHASE_STRIP = NO;
				DEBUG_INFORMATION_FORMAT = "dwarf-with-dsym";
				ENABLE_NS_ASSERTIONS = NO;
				ENABLE_STRICT_OBJC_MSGSEND = YES;
				GCC_C_LANGUAGE_STANDARD = gnu11;
				GCC_NO_COMMON_BLOCKS = YES;
				GCC_WARN_64_TO_32_BIT_CONVERSION = YES;
				GCC_WARN_ABOUT_RETURN_TYPE = YES_ERROR;
				GCC_WARN_UNDECLARED_SELECTOR = YES;
				GCC_WARN_UNINITIALIZED_AUTOS = YES_AGGRESSIVE;
				GCC_WARN_UNUSED_FUNCTION = YES;
				GCC_WARN_UNUSED_VARIABLE = YES;
				MTL_ENABLE_DEBUG_INFO = NO;
				MTL_FAST_MATH = YES;
				SWIFT_COMPILATION_MODE = wholemodule;
				SWIFT_OPTIMIZATION_LEVEL = "-O";
			};
			name = Release;
		};
		68F773A4267A43C400C3C670 /* Debug */ = {
			isa = XCBuildConfiguration;
			buildSettings = {
				ASSETCATALOG_COMPILER_APPICON_NAME = AppIcon;
				ASSETCATALOG_COMPILER_GLOBAL_ACCENT_COLOR_NAME = AccentColor;
				CODE_SIGN_STYLE = Automatic;
				CURRENT_PROJECT_VERSION = 1;
				DEVELOPMENT_TEAM = R6BE99W3FU;
				ENABLE_PREVIEWS = YES;
				GENERATE_INFOPLIST_FILE = YES;
				INFOPLIST_KEY_UIApplicationSceneManifest_Generation = YES;
				INFOPLIST_KEY_UIApplicationSupportsIndirectInputEvents = YES;
				INFOPLIST_KEY_UILaunchScreen_Generation = YES;
				INFOPLIST_KEY_UISupportedInterfaceOrientations_iPad = "UIInterfaceOrientationPortrait UIInterfaceOrientationPortraitUpsideDown UIInterfaceOrientationLandscapeLeft UIInterfaceOrientationLandscapeRight";
				INFOPLIST_KEY_UISupportedInterfaceOrientations_iPhone = "UIInterfaceOrientationPortrait UIInterfaceOrientationLandscapeLeft UIInterfaceOrientationLandscapeRight";
				IPHONEOS_DEPLOYMENT_TARGET = 15.0;
				LD_RUNPATH_SEARCH_PATHS = (
					"$(inherited)",
					"@executable_path/Frameworks",
				);
				MARKETING_VERSION = 1.0;
				OTHER_SWIFT_FLAGS = "-Xfrontend -enable-experimental-concurrency";
				PRODUCT_BUNDLE_IDENTIFIER = com.rarcher.StoreHelper;
				PRODUCT_NAME = StoreHelper;
				SDKROOT = iphoneos;
				SWIFT_EMIT_LOC_STRINGS = YES;
				SWIFT_VERSION = 5.0;
				TARGETED_DEVICE_FAMILY = "1,2";
			};
			name = Debug;
		};
		68F773A5267A43C400C3C670 /* Release */ = {
			isa = XCBuildConfiguration;
			buildSettings = {
				ASSETCATALOG_COMPILER_APPICON_NAME = AppIcon;
				ASSETCATALOG_COMPILER_GLOBAL_ACCENT_COLOR_NAME = AccentColor;
				CODE_SIGN_STYLE = Automatic;
				CURRENT_PROJECT_VERSION = 1;
				DEVELOPMENT_TEAM = R6BE99W3FU;
				ENABLE_PREVIEWS = YES;
				GENERATE_INFOPLIST_FILE = YES;
				INFOPLIST_KEY_UIApplicationSceneManifest_Generation = YES;
				INFOPLIST_KEY_UIApplicationSupportsIndirectInputEvents = YES;
				INFOPLIST_KEY_UILaunchScreen_Generation = YES;
				INFOPLIST_KEY_UISupportedInterfaceOrientations_iPad = "UIInterfaceOrientationPortrait UIInterfaceOrientationPortraitUpsideDown UIInterfaceOrientationLandscapeLeft UIInterfaceOrientationLandscapeRight";
				INFOPLIST_KEY_UISupportedInterfaceOrientations_iPhone = "UIInterfaceOrientationPortrait UIInterfaceOrientationLandscapeLeft UIInterfaceOrientationLandscapeRight";
				IPHONEOS_DEPLOYMENT_TARGET = 15.0;
				LD_RUNPATH_SEARCH_PATHS = (
					"$(inherited)",
					"@executable_path/Frameworks",
				);
				MARKETING_VERSION = 1.0;
				OTHER_SWIFT_FLAGS = "-Xfrontend -enable-experimental-concurrency";
				PRODUCT_BUNDLE_IDENTIFIER = com.rarcher.StoreHelper;
				PRODUCT_NAME = StoreHelper;
				SDKROOT = iphoneos;
				SWIFT_EMIT_LOC_STRINGS = YES;
				SWIFT_VERSION = 5.0;
				TARGETED_DEVICE_FAMILY = "1,2";
				VALIDATE_PRODUCT = YES;
			};
			name = Release;
		};
/* End XCBuildConfiguration section */

/* Begin XCConfigurationList section */
		68F77377267A43C300C3C670 /* Build configuration list for PBXProject "StoreHelper" */ = {
			isa = XCConfigurationList;
			buildConfigurations = (
				68F773A1267A43C400C3C670 /* Debug */,
				68F773A2267A43C400C3C670 /* Release */,
			);
			defaultConfigurationIsVisible = 0;
			defaultConfigurationName = Release;
		};
		68F773A3267A43C400C3C670 /* Build configuration list for PBXNativeTarget "StoreHelper (iOS)" */ = {
			isa = XCConfigurationList;
			buildConfigurations = (
				68F773A4267A43C400C3C670 /* Debug */,
				68F773A5267A43C400C3C670 /* Release */,
			);
			defaultConfigurationIsVisible = 0;
			defaultConfigurationName = Release;
		};
/* End XCConfigurationList section */

/* Begin XCRemoteSwiftPackageReference section */
		68187C4B26AF6FD6000321A1 /* XCRemoteSwiftPackageReference "swift-collections" */ = {
			isa = XCRemoteSwiftPackageReference;
			repositoryURL = "https://github.com/apple/swift-collections.git";
			requirement = {
				kind = upToNextMajorVersion;
				minimumVersion = 0.0.3;
			};
		};
/* End XCRemoteSwiftPackageReference section */

/* Begin XCSwiftPackageProductDependency section */
		68187C4C26AF6FD6000321A1 /* OrderedCollections */ = {
			isa = XCSwiftPackageProductDependency;
			package = 68187C4B26AF6FD6000321A1 /* XCRemoteSwiftPackageReference "swift-collections" */;
			productName = OrderedCollections;
		};
/* End XCSwiftPackageProductDependency section */
	};
	rootObject = 68F77374267A43C300C3C670 /* Project object */;
}
